// !$*UTF8*$!
{
	archiveVersion = 1;
	classes = {
	};
	objectVersion = 52;
	objects = {

/* Begin PBXBuildFile section */
		1210BAC923E230EE00C57C5A /* NavigationMenuViewController.swift in Sources */ = {isa = PBXBuildFile; fileRef = 1210BAC723E230ED00C57C5A /* NavigationMenuViewController.swift */; };
		1210BACA23E230EE00C57C5A /* HostViewControlller.swift in Sources */ = {isa = PBXBuildFile; fileRef = 1210BAC823E230EE00C57C5A /* HostViewControlller.swift */; };
		1210BACD23E2321E00C57C5A /* SectionHeaderView.swift in Sources */ = {isa = PBXBuildFile; fileRef = 1210BACC23E2321E00C57C5A /* SectionHeaderView.swift */; };
		1210BACF23E232FC00C57C5A /* SectionHeaderView.xib in Resources */ = {isa = PBXBuildFile; fileRef = 1210BACE23E232FC00C57C5A /* SectionHeaderView.xib */; };
		1210BAD823E3889100C57C5A /* Public.swift in Sources */ = {isa = PBXBuildFile; fileRef = 1210BAD723E3889100C57C5A /* Public.swift */; };
		12113D3A23E0B9E800BA464D /* AppDelegate.swift in Sources */ = {isa = PBXBuildFile; fileRef = 12113D3923E0B9E800BA464D /* AppDelegate.swift */; };
		12113D3C23E0B9E800BA464D /* SceneDelegate.swift in Sources */ = {isa = PBXBuildFile; fileRef = 12113D3B23E0B9E800BA464D /* SceneDelegate.swift */; };
		12113D3E23E0B9E800BA464D /* TelaInicial.swift in Sources */ = {isa = PBXBuildFile; fileRef = 12113D3D23E0B9E800BA464D /* TelaInicial.swift */; };
		12113D4123E0B9E800BA464D /* Main.storyboard in Resources */ = {isa = PBXBuildFile; fileRef = 12113D3F23E0B9E800BA464D /* Main.storyboard */; };
		12113D4623E0B9EB00BA464D /* LaunchScreen.storyboard in Resources */ = {isa = PBXBuildFile; fileRef = 12113D4423E0B9EB00BA464D /* LaunchScreen.storyboard */; };
		12113D5123E0B9EB00BA464D /* AppLojaTests.swift in Sources */ = {isa = PBXBuildFile; fileRef = 12113D5023E0B9EB00BA464D /* AppLojaTests.swift */; };
		12113D5C23E0B9EB00BA464D /* AppLojaUITests.swift in Sources */ = {isa = PBXBuildFile; fileRef = 12113D5B23E0B9EB00BA464D /* AppLojaUITests.swift */; };
		12199369240E027500983D47 /* MinhasCompras.swift in Sources */ = {isa = PBXBuildFile; fileRef = 12199368240E027500983D47 /* MinhasCompras.swift */; };
		1219936B240E033A00983D47 /* Compra.swift in Sources */ = {isa = PBXBuildFile; fileRef = 1219936A240E033A00983D47 /* Compra.swift */; };
		12210D632551E597003CCF41 /* RecuperacaoSenha.swift in Sources */ = {isa = PBXBuildFile; fileRef = 12210D622551E597003CCF41 /* RecuperacaoSenha.swift */; };
		1235AB26255228650018B887 /* FacebookCore in Frameworks */ = {isa = PBXBuildFile; productRef = 1235AB25255228650018B887 /* FacebookCore */; };
		124C58C923F34BAC002B52C2 /* Carrinho.swift in Sources */ = {isa = PBXBuildFile; fileRef = 124C58C823F34BAC002B52C2 /* Carrinho.swift */; };
		125B85E6253E690400320BF2 /* ObrigadoBoleto.swift in Sources */ = {isa = PBXBuildFile; fileRef = 125B85E5253E690300320BF2 /* ObrigadoBoleto.swift */; };
		1262613F24DF44C2006FFA96 /* InicioVerdadeiro.swift in Sources */ = {isa = PBXBuildFile; fileRef = 1262613E24DF44C2006FFA96 /* InicioVerdadeiro.swift */; };
		12691A3124188552008BBFD6 /* DocumentoFiscal.swift in Sources */ = {isa = PBXBuildFile; fileRef = 12691A3024188552008BBFD6 /* DocumentoFiscal.swift */; };
		126DA93023EB486300055783 /* CeraRoundProBlack.otf in Resources */ = {isa = PBXBuildFile; fileRef = 1210BAD623E234AB00C57C5A /* CeraRoundProBlack.otf */; };
		126DA93123EB486400055783 /* CeraRoundProBold.otf in Resources */ = {isa = PBXBuildFile; fileRef = 1210BAD423E234AA00C57C5A /* CeraRoundProBold.otf */; };
		126DA93223EB486600055783 /* CeraRoundProLight.otf in Resources */ = {isa = PBXBuildFile; fileRef = 1210BAD123E234A900C57C5A /* CeraRoundProLight.otf */; };
		126DA93323EB486700055783 /* CeraRoundProMedium.otf in Resources */ = {isa = PBXBuildFile; fileRef = 1210BAD523E234AB00C57C5A /* CeraRoundProMedium.otf */; };
		126DA93423EB486900055783 /* CeraRoundProRegular.otf in Resources */ = {isa = PBXBuildFile; fileRef = 1210BAD223E234AA00C57C5A /* CeraRoundProRegular.otf */; };
		126DA93523EB486A00055783 /* CeraRoundProThin.otf in Resources */ = {isa = PBXBuildFile; fileRef = 1210BAD323E234AA00C57C5A /* CeraRoundProThin.otf */; };
		126DA94223EB586F00055783 /* Phenomena-Black.ttf in Resources */ = {isa = PBXBuildFile; fileRef = 126DA94023EB57A900055783 /* Phenomena-Black.ttf */; };
		126DA94323EB587100055783 /* Phenomena-Bold.ttf in Resources */ = {isa = PBXBuildFile; fileRef = 126DA93E23EB57A800055783 /* Phenomena-Bold.ttf */; };
		126DA94423EB587300055783 /* Phenomena-ExtraBold.ttf in Resources */ = {isa = PBXBuildFile; fileRef = 126DA93D23EB57A800055783 /* Phenomena-ExtraBold.ttf */; };
		126DA94523EB587400055783 /* Phenomena-ExtraLight.ttf in Resources */ = {isa = PBXBuildFile; fileRef = 126DA93C23EB57A800055783 /* Phenomena-ExtraLight.ttf */; };
		126DA94623EB587500055783 /* Phenomena-Light.ttf in Resources */ = {isa = PBXBuildFile; fileRef = 126DA93F23EB57A800055783 /* Phenomena-Light.ttf */; };
		126DA94723EB587700055783 /* Phenomena-Regular.ttf in Resources */ = {isa = PBXBuildFile; fileRef = 126DA94123EB57A900055783 /* Phenomena-Regular.ttf */; };
		126DA95323EC8DA000055783 /* IntroScript-Thin.otf in Resources */ = {isa = PBXBuildFile; fileRef = 126DA94A23EC8C9700055783 /* IntroScript-Thin.otf */; };
		126DA95423EC8DA200055783 /* IntroScript-SemiBold.otf in Resources */ = {isa = PBXBuildFile; fileRef = 126DA94C23EC8C9800055783 /* IntroScript-SemiBold.otf */; };
		126DA95523EC8DA300055783 /* IntroScript-Regular.otf in Resources */ = {isa = PBXBuildFile; fileRef = 126DA94F23EC8C9A00055783 /* IntroScript-Regular.otf */; };
		126DA95623EC8DA500055783 /* IntroScript-Medium.otf in Resources */ = {isa = PBXBuildFile; fileRef = 126DA95223EC8C9B00055783 /* IntroScript-Medium.otf */; };
		126DA95723EC8DA600055783 /* IntroScript-Light.otf in Resources */ = {isa = PBXBuildFile; fileRef = 126DA94E23EC8C9900055783 /* IntroScript-Light.otf */; };
		126DA95823EC8DA800055783 /* IntroScript-Heavy.otf in Resources */ = {isa = PBXBuildFile; fileRef = 126DA95123EC8C9B00055783 /* IntroScript-Heavy.otf */; };
		126DA95923EC8DA900055783 /* IntroScript-Bold.otf in Resources */ = {isa = PBXBuildFile; fileRef = 126DA95023EC8C9B00055783 /* IntroScript-Bold.otf */; };
		126DA95A23EC8DAB00055783 /* IntroScript-Black.ttf in Resources */ = {isa = PBXBuildFile; fileRef = 126DA94B23EC8C9800055783 /* IntroScript-Black.ttf */; };
		1273166E2409EBE000CE07CD /* LoginController.swift in Sources */ = {isa = PBXBuildFile; fileRef = 1273166D2409EBE000CE07CD /* LoginController.swift */; };
		12731682240BF8D300CE07CD /* CadastrarController.swift in Sources */ = {isa = PBXBuildFile; fileRef = 12731681240BF8D300CE07CD /* CadastrarController.swift */; };
		12731696240C122A00CE07CD /* AdicionarCartao.swift in Sources */ = {isa = PBXBuildFile; fileRef = 12731695240C122A00CE07CD /* AdicionarCartao.swift */; };
		12783CCB24126A09000DBF88 /* OrdenarPor.swift in Sources */ = {isa = PBXBuildFile; fileRef = 12783CCA24126A09000DBF88 /* OrdenarPor.swift */; };
		12783CD324168AA1000DBF88 /* Parcelamento.swift in Sources */ = {isa = PBXBuildFile; fileRef = 12783CD224168AA0000DBF88 /* Parcelamento.swift */; };
		12783CD52416E8B0000DBF88 /* FormasPagamento.swift in Sources */ = {isa = PBXBuildFile; fileRef = 12783CD42416E8B0000DBF88 /* FormasPagamento.swift */; };
		127CEC192409593100F421B5 /* MeusCartoes.swift in Sources */ = {isa = PBXBuildFile; fileRef = 127CEC182409593100F421B5 /* MeusCartoes.swift */; };
		127CEC1B2409598200F421B5 /* Cartao.swift in Sources */ = {isa = PBXBuildFile; fileRef = 127CEC1A2409598200F421B5 /* Cartao.swift */; };
		1291FEFF2543263600F100D8 /* ObrigadoTransferencia.swift in Sources */ = {isa = PBXBuildFile; fileRef = 1291FEFE2543263500F100D8 /* ObrigadoTransferencia.swift */; };
		1297286C24F40E2100870DB7 /* SectionHeaderWhats.xib in Resources */ = {isa = PBXBuildFile; fileRef = 1297286B24F40E2100870DB7 /* SectionHeaderWhats.xib */; };
		12B548A32548FACC00396524 /* Ubuntu-Bold.ttf in Resources */ = {isa = PBXBuildFile; fileRef = 12B5489B2548FAC800396524 /* Ubuntu-Bold.ttf */; };
		12B548A42548FACC00396524 /* Ubuntu-LightItalic.ttf in Resources */ = {isa = PBXBuildFile; fileRef = 12B5489C2548FAC800396524 /* Ubuntu-LightItalic.ttf */; };
		12B548A52548FACC00396524 /* Ubuntu-Medium.ttf in Resources */ = {isa = PBXBuildFile; fileRef = 12B5489D2548FAC900396524 /* Ubuntu-Medium.ttf */; };
		12B548A62548FACC00396524 /* Ubuntu-Light.ttf in Resources */ = {isa = PBXBuildFile; fileRef = 12B5489E2548FAC900396524 /* Ubuntu-Light.ttf */; };
		12B548A72548FACC00396524 /* Ubuntu-BoldItalic.ttf in Resources */ = {isa = PBXBuildFile; fileRef = 12B5489F2548FACA00396524 /* Ubuntu-BoldItalic.ttf */; };
		12B548A82548FACC00396524 /* Ubuntu-MediumItalic.ttf in Resources */ = {isa = PBXBuildFile; fileRef = 12B548A02548FACB00396524 /* Ubuntu-MediumItalic.ttf */; };
		12B548A92548FACC00396524 /* Ubuntu-Regular.ttf in Resources */ = {isa = PBXBuildFile; fileRef = 12B548A12548FACB00396524 /* Ubuntu-Regular.ttf */; };
		12B548AA2548FACC00396524 /* Ubuntu-Italic.ttf in Resources */ = {isa = PBXBuildFile; fileRef = 12B548A22548FACC00396524 /* Ubuntu-Italic.ttf */; };
		12BDE3D323F498060046A016 /* TelaProduto.swift in Sources */ = {isa = PBXBuildFile; fileRef = 12BDE3D223F498060046A016 /* TelaProduto.swift */; };
		12BDE3D723FB19DD0046A016 /* Produto.swift in Sources */ = {isa = PBXBuildFile; fileRef = 12BDE3D623FB19DD0046A016 /* Produto.swift */; };
		12CCE25623EA01F400F7F5BE /* Assets.xcassets in Resources */ = {isa = PBXBuildFile; fileRef = 12113D4223E0B9EB00BA464D /* Assets.xcassets */; };
		12DA1557253919EC00AA5B25 /* NotaFiscal.swift in Sources */ = {isa = PBXBuildFile; fileRef = 12DA1556253919EB00AA5B25 /* NotaFiscal.swift */; };
		12E2B3DE241058E300F27854 /* Endereco.swift in Sources */ = {isa = PBXBuildFile; fileRef = 12E2B3DD241058E300F27854 /* Endereco.swift */; };
		12E7121D23FB5253007A3CD6 /* CarrinhoObjects.swift in Sources */ = {isa = PBXBuildFile; fileRef = 12E7121C23FB5253007A3CD6 /* CarrinhoObjects.swift */; };
		12EC8B3424292A8200B66710 /* ComprasVerDetalhes.swift in Sources */ = {isa = PBXBuildFile; fileRef = 12EC8B3324292A8200B66710 /* ComprasVerDetalhes.swift */; };
		12FBD8F9241C3629001C48CF /* Cvv.swift in Sources */ = {isa = PBXBuildFile; fileRef = 12FBD8F8241C3629001C48CF /* Cvv.swift */; };
		12FBD9012423E747001C48CF /* Obrigado.swift in Sources */ = {isa = PBXBuildFile; fileRef = 12FBD9002423E747001C48CF /* Obrigado.swift */; };
		43682D6CF4D6CFEB35CC6604 /* Pods_AppLoja.framework in Frameworks */ = {isa = PBXBuildFile; fileRef = E18F300EA5BAC7FB45ABAF13 /* Pods_AppLoja.framework */; };
		CB77AE73256729B500ECFBC1 /* Podfile.lock in Resources */ = {isa = PBXBuildFile; fileRef = CB77AE71256729B400ECFBC1 /* Podfile.lock */; };
		CB77AE74256729B500ECFBC1 /* Podfile in Resources */ = {isa = PBXBuildFile; fileRef = CB77AE72256729B400ECFBC1 /* Podfile */; };
		CB77AEA2256851D200ECFBC1 /* MelhoreSuaExperiencia.swift in Sources */ = {isa = PBXBuildFile; fileRef = CB77AEA1256851D100ECFBC1 /* MelhoreSuaExperiencia.swift */; };
		CB77AEB02569742A00ECFBC1 /* LimveUITests.swift in Sources */ = {isa = PBXBuildFile; fileRef = CB77AEAF2569742A00ECFBC1 /* LimveUITests.swift */; };
		CBFB12AA25671B1100E225FD /* NVActivityIndicatorView in Frameworks */ = {isa = PBXBuildFile; productRef = CBFB12A925671B1100E225FD /* NVActivityIndicatorView */; };
		CBFB12B625671E9600E225FD /* DynamicBlurView in Frameworks */ = {isa = PBXBuildFile; productRef = CBFB12B525671E9600E225FD /* DynamicBlurView */; };
		CBFB12BC25671ED800E225FD /* SHSearchBar in Frameworks */ = {isa = PBXBuildFile; productRef = CBFB12BB25671ED800E225FD /* SHSearchBar */; };
/* End PBXBuildFile section */

/* Begin PBXContainerItemProxy section */
		12113D4D23E0B9EB00BA464D /* PBXContainerItemProxy */ = {
			isa = PBXContainerItemProxy;
			containerPortal = 12113D2E23E0B9E800BA464D /* Project object */;
			proxyType = 1;
			remoteGlobalIDString = 12113D3523E0B9E800BA464D;
			remoteInfo = AppLoja;
		};
		12113D5823E0B9EB00BA464D /* PBXContainerItemProxy */ = {
			isa = PBXContainerItemProxy;
			containerPortal = 12113D2E23E0B9E800BA464D /* Project object */;
			proxyType = 1;
			remoteGlobalIDString = 12113D3523E0B9E800BA464D;
			remoteInfo = AppLoja;
		};
		CB77AEB22569742A00ECFBC1 /* PBXContainerItemProxy */ = {
			isa = PBXContainerItemProxy;
			containerPortal = 12113D2E23E0B9E800BA464D /* Project object */;
			proxyType = 1;
			remoteGlobalIDString = 12113D3523E0B9E800BA464D;
			remoteInfo = AppLoja;
		};
/* End PBXContainerItemProxy section */

/* Begin PBXFileReference section */
		1210BAC723E230ED00C57C5A /* NavigationMenuViewController.swift */ = {isa = PBXFileReference; fileEncoding = 4; lastKnownFileType = sourcecode.swift; path = NavigationMenuViewController.swift; sourceTree = "<group>"; };
		1210BAC823E230EE00C57C5A /* HostViewControlller.swift */ = {isa = PBXFileReference; fileEncoding = 4; lastKnownFileType = sourcecode.swift; path = HostViewControlller.swift; sourceTree = "<group>"; };
		1210BACC23E2321E00C57C5A /* SectionHeaderView.swift */ = {isa = PBXFileReference; lastKnownFileType = sourcecode.swift; path = SectionHeaderView.swift; sourceTree = "<group>"; };
		1210BACE23E232FC00C57C5A /* SectionHeaderView.xib */ = {isa = PBXFileReference; lastKnownFileType = file.xib; path = SectionHeaderView.xib; sourceTree = "<group>"; };
		1210BAD123E234A900C57C5A /* CeraRoundProLight.otf */ = {isa = PBXFileReference; lastKnownFileType = file; path = CeraRoundProLight.otf; sourceTree = "<group>"; };
		1210BAD223E234AA00C57C5A /* CeraRoundProRegular.otf */ = {isa = PBXFileReference; lastKnownFileType = file; path = CeraRoundProRegular.otf; sourceTree = "<group>"; };
		1210BAD323E234AA00C57C5A /* CeraRoundProThin.otf */ = {isa = PBXFileReference; lastKnownFileType = file; path = CeraRoundProThin.otf; sourceTree = "<group>"; };
		1210BAD423E234AA00C57C5A /* CeraRoundProBold.otf */ = {isa = PBXFileReference; lastKnownFileType = file; path = CeraRoundProBold.otf; sourceTree = "<group>"; };
		1210BAD523E234AB00C57C5A /* CeraRoundProMedium.otf */ = {isa = PBXFileReference; lastKnownFileType = file; path = CeraRoundProMedium.otf; sourceTree = "<group>"; };
		1210BAD623E234AB00C57C5A /* CeraRoundProBlack.otf */ = {isa = PBXFileReference; lastKnownFileType = file; path = CeraRoundProBlack.otf; sourceTree = "<group>"; };
		1210BAD723E3889100C57C5A /* Public.swift */ = {isa = PBXFileReference; lastKnownFileType = sourcecode.swift; path = Public.swift; sourceTree = "<group>"; };
		12113D3923E0B9E800BA464D /* AppDelegate.swift */ = {isa = PBXFileReference; lastKnownFileType = sourcecode.swift; path = AppDelegate.swift; sourceTree = "<group>"; };
		12113D3B23E0B9E800BA464D /* SceneDelegate.swift */ = {isa = PBXFileReference; lastKnownFileType = sourcecode.swift; path = SceneDelegate.swift; sourceTree = "<group>"; };
		12113D3D23E0B9E800BA464D /* TelaInicial.swift */ = {isa = PBXFileReference; lastKnownFileType = sourcecode.swift; path = TelaInicial.swift; sourceTree = "<group>"; };
		12113D4023E0B9E800BA464D /* Base */ = {isa = PBXFileReference; lastKnownFileType = file.storyboard; name = Base; path = Base.lproj/Main.storyboard; sourceTree = "<group>"; };
		12113D4223E0B9EB00BA464D /* Assets.xcassets */ = {isa = PBXFileReference; lastKnownFileType = folder.assetcatalog; path = Assets.xcassets; sourceTree = "<group>"; };
		12113D4523E0B9EB00BA464D /* Base */ = {isa = PBXFileReference; lastKnownFileType = file.storyboard; name = Base; path = Base.lproj/LaunchScreen.storyboard; sourceTree = "<group>"; };
		12113D4723E0B9EB00BA464D /* Info.plist */ = {isa = PBXFileReference; lastKnownFileType = text.plist.xml; path = Info.plist; sourceTree = "<group>"; };
		12113D5023E0B9EB00BA464D /* AppLojaTests.swift */ = {isa = PBXFileReference; lastKnownFileType = sourcecode.swift; path = AppLojaTests.swift; sourceTree = "<group>"; };
		12113D5223E0B9EB00BA464D /* Info.plist */ = {isa = PBXFileReference; lastKnownFileType = text.plist.xml; path = Info.plist; sourceTree = "<group>"; };
		12113D5B23E0B9EB00BA464D /* AppLojaUITests.swift */ = {isa = PBXFileReference; lastKnownFileType = sourcecode.swift; path = AppLojaUITests.swift; sourceTree = "<group>"; };
		12113D5D23E0B9EB00BA464D /* Info.plist */ = {isa = PBXFileReference; lastKnownFileType = text.plist.xml; path = Info.plist; sourceTree = "<group>"; };
		12199368240E027500983D47 /* MinhasCompras.swift */ = {isa = PBXFileReference; lastKnownFileType = sourcecode.swift; path = MinhasCompras.swift; sourceTree = "<group>"; };
		1219936A240E033A00983D47 /* Compra.swift */ = {isa = PBXFileReference; lastKnownFileType = sourcecode.swift; path = Compra.swift; sourceTree = "<group>"; };
		12210D622551E597003CCF41 /* RecuperacaoSenha.swift */ = {isa = PBXFileReference; lastKnownFileType = sourcecode.swift; path = RecuperacaoSenha.swift; sourceTree = "<group>"; };
		124C58C823F34BAC002B52C2 /* Carrinho.swift */ = {isa = PBXFileReference; lastKnownFileType = sourcecode.swift; path = Carrinho.swift; sourceTree = "<group>"; };
		125B85E5253E690300320BF2 /* ObrigadoBoleto.swift */ = {isa = PBXFileReference; lastKnownFileType = sourcecode.swift; path = ObrigadoBoleto.swift; sourceTree = "<group>"; };
		1262613E24DF44C2006FFA96 /* InicioVerdadeiro.swift */ = {isa = PBXFileReference; lastKnownFileType = sourcecode.swift; path = InicioVerdadeiro.swift; sourceTree = "<group>"; };
		12691A3024188552008BBFD6 /* DocumentoFiscal.swift */ = {isa = PBXFileReference; lastKnownFileType = sourcecode.swift; path = DocumentoFiscal.swift; sourceTree = "<group>"; };
		126DA93C23EB57A800055783 /* Phenomena-ExtraLight.ttf */ = {isa = PBXFileReference; lastKnownFileType = file; path = "Phenomena-ExtraLight.ttf"; sourceTree = "<group>"; };
		126DA93D23EB57A800055783 /* Phenomena-ExtraBold.ttf */ = {isa = PBXFileReference; lastKnownFileType = file; path = "Phenomena-ExtraBold.ttf"; sourceTree = "<group>"; };
		126DA93E23EB57A800055783 /* Phenomena-Bold.ttf */ = {isa = PBXFileReference; lastKnownFileType = file; path = "Phenomena-Bold.ttf"; sourceTree = "<group>"; };
		126DA93F23EB57A800055783 /* Phenomena-Light.ttf */ = {isa = PBXFileReference; lastKnownFileType = file; path = "Phenomena-Light.ttf"; sourceTree = "<group>"; };
		126DA94023EB57A900055783 /* Phenomena-Black.ttf */ = {isa = PBXFileReference; lastKnownFileType = file; path = "Phenomena-Black.ttf"; sourceTree = "<group>"; };
		126DA94123EB57A900055783 /* Phenomena-Regular.ttf */ = {isa = PBXFileReference; lastKnownFileType = file; path = "Phenomena-Regular.ttf"; sourceTree = "<group>"; };
		126DA94A23EC8C9700055783 /* IntroScript-Thin.otf */ = {isa = PBXFileReference; lastKnownFileType = file; path = "IntroScript-Thin.otf"; sourceTree = "<group>"; };
		126DA94B23EC8C9800055783 /* IntroScript-Black.ttf */ = {isa = PBXFileReference; lastKnownFileType = file; path = "IntroScript-Black.ttf"; sourceTree = "<group>"; };
		126DA94C23EC8C9800055783 /* IntroScript-SemiBold.otf */ = {isa = PBXFileReference; lastKnownFileType = file; path = "IntroScript-SemiBold.otf"; sourceTree = "<group>"; };
		126DA94E23EC8C9900055783 /* IntroScript-Light.otf */ = {isa = PBXFileReference; lastKnownFileType = file; path = "IntroScript-Light.otf"; sourceTree = "<group>"; };
		126DA94F23EC8C9A00055783 /* IntroScript-Regular.otf */ = {isa = PBXFileReference; lastKnownFileType = file; path = "IntroScript-Regular.otf"; sourceTree = "<group>"; };
		126DA95023EC8C9B00055783 /* IntroScript-Bold.otf */ = {isa = PBXFileReference; lastKnownFileType = file; path = "IntroScript-Bold.otf"; sourceTree = "<group>"; };
		126DA95123EC8C9B00055783 /* IntroScript-Heavy.otf */ = {isa = PBXFileReference; lastKnownFileType = file; path = "IntroScript-Heavy.otf"; sourceTree = "<group>"; };
		126DA95223EC8C9B00055783 /* IntroScript-Medium.otf */ = {isa = PBXFileReference; lastKnownFileType = file; path = "IntroScript-Medium.otf"; sourceTree = "<group>"; };
		1273166D2409EBE000CE07CD /* LoginController.swift */ = {isa = PBXFileReference; lastKnownFileType = sourcecode.swift; path = LoginController.swift; sourceTree = "<group>"; };
		12731681240BF8D300CE07CD /* CadastrarController.swift */ = {isa = PBXFileReference; lastKnownFileType = sourcecode.swift; path = CadastrarController.swift; sourceTree = "<group>"; };
		12731695240C122A00CE07CD /* AdicionarCartao.swift */ = {isa = PBXFileReference; lastKnownFileType = sourcecode.swift; path = AdicionarCartao.swift; sourceTree = "<group>"; };
		12783CCA24126A09000DBF88 /* OrdenarPor.swift */ = {isa = PBXFileReference; lastKnownFileType = sourcecode.swift; path = OrdenarPor.swift; sourceTree = "<group>"; };
		12783CD224168AA0000DBF88 /* Parcelamento.swift */ = {isa = PBXFileReference; lastKnownFileType = sourcecode.swift; path = Parcelamento.swift; sourceTree = "<group>"; };
		12783CD42416E8B0000DBF88 /* FormasPagamento.swift */ = {isa = PBXFileReference; lastKnownFileType = sourcecode.swift; path = FormasPagamento.swift; sourceTree = "<group>"; };
		127CEC182409593100F421B5 /* MeusCartoes.swift */ = {isa = PBXFileReference; lastKnownFileType = sourcecode.swift; path = MeusCartoes.swift; sourceTree = "<group>"; };
		127CEC1A2409598200F421B5 /* Cartao.swift */ = {isa = PBXFileReference; lastKnownFileType = sourcecode.swift; path = Cartao.swift; sourceTree = "<group>"; };
		1291FEFE2543263500F100D8 /* ObrigadoTransferencia.swift */ = {isa = PBXFileReference; lastKnownFileType = sourcecode.swift; path = ObrigadoTransferencia.swift; sourceTree = "<group>"; };
		1297286B24F40E2100870DB7 /* SectionHeaderWhats.xib */ = {isa = PBXFileReference; lastKnownFileType = file.xib; path = SectionHeaderWhats.xib; sourceTree = "<group>"; };
		12B5489B2548FAC800396524 /* Ubuntu-Bold.ttf */ = {isa = PBXFileReference; lastKnownFileType = file; path = "Ubuntu-Bold.ttf"; sourceTree = "<group>"; };
		12B5489C2548FAC800396524 /* Ubuntu-LightItalic.ttf */ = {isa = PBXFileReference; lastKnownFileType = file; path = "Ubuntu-LightItalic.ttf"; sourceTree = "<group>"; };
		12B5489D2548FAC900396524 /* Ubuntu-Medium.ttf */ = {isa = PBXFileReference; lastKnownFileType = file; path = "Ubuntu-Medium.ttf"; sourceTree = "<group>"; };
		12B5489E2548FAC900396524 /* Ubuntu-Light.ttf */ = {isa = PBXFileReference; lastKnownFileType = file; path = "Ubuntu-Light.ttf"; sourceTree = "<group>"; };
		12B5489F2548FACA00396524 /* Ubuntu-BoldItalic.ttf */ = {isa = PBXFileReference; lastKnownFileType = file; path = "Ubuntu-BoldItalic.ttf"; sourceTree = "<group>"; };
		12B548A02548FACB00396524 /* Ubuntu-MediumItalic.ttf */ = {isa = PBXFileReference; lastKnownFileType = file; path = "Ubuntu-MediumItalic.ttf"; sourceTree = "<group>"; };
		12B548A12548FACB00396524 /* Ubuntu-Regular.ttf */ = {isa = PBXFileReference; lastKnownFileType = file; path = "Ubuntu-Regular.ttf"; sourceTree = "<group>"; };
		12B548A22548FACC00396524 /* Ubuntu-Italic.ttf */ = {isa = PBXFileReference; lastKnownFileType = file; path = "Ubuntu-Italic.ttf"; sourceTree = "<group>"; };
		12BDE3D223F498060046A016 /* TelaProduto.swift */ = {isa = PBXFileReference; lastKnownFileType = sourcecode.swift; path = TelaProduto.swift; sourceTree = "<group>"; };
		12BDE3D623FB19DD0046A016 /* Produto.swift */ = {isa = PBXFileReference; lastKnownFileType = sourcecode.swift; path = Produto.swift; sourceTree = "<group>"; };
		12C5BAB62537481800CC8BCA /* Limve.entitlements */ = {isa = PBXFileReference; lastKnownFileType = text.plist.entitlements; path = Limve.entitlements; sourceTree = "<group>"; };
		12DA1556253919EB00AA5B25 /* NotaFiscal.swift */ = {isa = PBXFileReference; lastKnownFileType = sourcecode.swift; path = NotaFiscal.swift; sourceTree = "<group>"; };
		12E2B3DD241058E300F27854 /* Endereco.swift */ = {isa = PBXFileReference; lastKnownFileType = sourcecode.swift; path = Endereco.swift; sourceTree = "<group>"; };
		12E7121C23FB5253007A3CD6 /* CarrinhoObjects.swift */ = {isa = PBXFileReference; lastKnownFileType = sourcecode.swift; path = CarrinhoObjects.swift; sourceTree = "<group>"; };
		12EC8B3324292A8200B66710 /* ComprasVerDetalhes.swift */ = {isa = PBXFileReference; lastKnownFileType = sourcecode.swift; path = ComprasVerDetalhes.swift; sourceTree = "<group>"; };
		12FBD8F8241C3629001C48CF /* Cvv.swift */ = {isa = PBXFileReference; lastKnownFileType = sourcecode.swift; path = Cvv.swift; sourceTree = "<group>"; };
		12FBD9002423E747001C48CF /* Obrigado.swift */ = {isa = PBXFileReference; lastKnownFileType = sourcecode.swift; path = Obrigado.swift; sourceTree = "<group>"; };
		3735ECDFBCD43DA709543C3A /* Pods-AppLoja.debug.xcconfig */ = {isa = PBXFileReference; includeInIndex = 1; lastKnownFileType = text.xcconfig; name = "Pods-AppLoja.debug.xcconfig"; path = "Target Support Files/Pods-AppLoja/Pods-AppLoja.debug.xcconfig"; sourceTree = "<group>"; };
		CB77AE71256729B400ECFBC1 /* Podfile.lock */ = {isa = PBXFileReference; fileEncoding = 4; lastKnownFileType = text; path = Podfile.lock; sourceTree = "<group>"; };
		CB77AE72256729B400ECFBC1 /* Podfile */ = {isa = PBXFileReference; fileEncoding = 4; lastKnownFileType = text; path = Podfile; sourceTree = "<group>"; xcLanguageSpecificationIdentifier = xcode.lang.ruby; };
		CB77AE83256731BE00ECFBC1 /* Limve.app */ = {isa = PBXFileReference; explicitFileType = wrapper.application; includeInIndex = 0; path = Limve.app; sourceTree = BUILT_PRODUCTS_DIR; };
		CB77AE84256731BE00ECFBC1 /* AppLojaTests.xctest */ = {isa = PBXFileReference; explicitFileType = wrapper.cfbundle; includeInIndex = 0; name = AppLojaTests.xctest; path = "/Users/gabirutkoski/Downloads/Limve-iOS/build/Debug-iphoneos/AppLojaTests.xctest"; sourceTree = "<absolute>"; };
		CB77AE85256731BE00ECFBC1 /* AppLojaUITests.xctest */ = {isa = PBXFileReference; explicitFileType = wrapper.cfbundle; includeInIndex = 0; name = AppLojaUITests.xctest; path = "/Users/gabirutkoski/Downloads/Limve-iOS/build/Debug-iphoneos/AppLojaUITests.xctest"; sourceTree = "<absolute>"; };
		CB77AEA1256851D100ECFBC1 /* MelhoreSuaExperiencia.swift */ = {isa = PBXFileReference; lastKnownFileType = sourcecode.swift; path = MelhoreSuaExperiencia.swift; sourceTree = "<group>"; };
		CB77AEAD2569742A00ECFBC1 /* LimveUITests.xctest */ = {isa = PBXFileReference; explicitFileType = wrapper.cfbundle; includeInIndex = 0; path = LimveUITests.xctest; sourceTree = BUILT_PRODUCTS_DIR; };
		CB77AEAF2569742A00ECFBC1 /* LimveUITests.swift */ = {isa = PBXFileReference; lastKnownFileType = sourcecode.swift; path = LimveUITests.swift; sourceTree = "<group>"; };
		CB77AEB12569742A00ECFBC1 /* Info.plist */ = {isa = PBXFileReference; lastKnownFileType = text.plist.xml; path = Info.plist; sourceTree = "<group>"; };
		E18F300EA5BAC7FB45ABAF13 /* Pods_AppLoja.framework */ = {isa = PBXFileReference; explicitFileType = wrapper.framework; includeInIndex = 0; path = Pods_AppLoja.framework; sourceTree = BUILT_PRODUCTS_DIR; };
		FD94775A4B9C30BC820BF524 /* Pods-AppLoja.release.xcconfig */ = {isa = PBXFileReference; includeInIndex = 1; lastKnownFileType = text.xcconfig; name = "Pods-AppLoja.release.xcconfig"; path = "Target Support Files/Pods-AppLoja/Pods-AppLoja.release.xcconfig"; sourceTree = "<group>"; };
/* End PBXFileReference section */

/* Begin PBXFrameworksBuildPhase section */
		12113D3323E0B9E800BA464D /* Frameworks */ = {
			isa = PBXFrameworksBuildPhase;
			buildActionMask = 2147483647;
			files = (
				CBFB12B625671E9600E225FD /* DynamicBlurView in Frameworks */,
				CBFB12AA25671B1100E225FD /* NVActivityIndicatorView in Frameworks */,
				1235AB26255228650018B887 /* FacebookCore in Frameworks */,
				CBFB12BC25671ED800E225FD /* SHSearchBar in Frameworks */,
				43682D6CF4D6CFEB35CC6604 /* Pods_AppLoja.framework in Frameworks */,
			);
			runOnlyForDeploymentPostprocessing = 0;
		};
		12113D4923E0B9EB00BA464D /* Frameworks */ = {
			isa = PBXFrameworksBuildPhase;
			buildActionMask = 2147483647;
			files = (
			);
			runOnlyForDeploymentPostprocessing = 0;
		};
		12113D5423E0B9EB00BA464D /* Frameworks */ = {
			isa = PBXFrameworksBuildPhase;
			buildActionMask = 2147483647;
			files = (
			);
			runOnlyForDeploymentPostprocessing = 0;
		};
		CB77AEAA2569742A00ECFBC1 /* Frameworks */ = {
			isa = PBXFrameworksBuildPhase;
			buildActionMask = 2147483647;
			files = (
			);
			runOnlyForDeploymentPostprocessing = 0;
		};
/* End PBXFrameworksBuildPhase section */

/* Begin PBXGroup section */
		1210BACB23E230F200C57C5A /* SideMenu */ = {
			isa = PBXGroup;
			children = (
				1210BAC723E230ED00C57C5A /* NavigationMenuViewController.swift */,
				1210BAC823E230EE00C57C5A /* HostViewControlller.swift */,
				1210BACC23E2321E00C57C5A /* SectionHeaderView.swift */,
				1210BACE23E232FC00C57C5A /* SectionHeaderView.xib */,
				1297286B24F40E2100870DB7 /* SectionHeaderWhats.xib */,
			);
			path = SideMenu;
			sourceTree = "<group>";
		};
		1210BAD023E2331000C57C5A /* Fontes */ = {
			isa = PBXGroup;
			children = (
				12B5489B2548FAC800396524 /* Ubuntu-Bold.ttf */,
				12B5489F2548FACA00396524 /* Ubuntu-BoldItalic.ttf */,
				12B548A22548FACC00396524 /* Ubuntu-Italic.ttf */,
				12B5489E2548FAC900396524 /* Ubuntu-Light.ttf */,
				12B5489C2548FAC800396524 /* Ubuntu-LightItalic.ttf */,
				12B5489D2548FAC900396524 /* Ubuntu-Medium.ttf */,
				12B548A02548FACB00396524 /* Ubuntu-MediumItalic.ttf */,
				12B548A12548FACB00396524 /* Ubuntu-Regular.ttf */,
				126DA94B23EC8C9800055783 /* IntroScript-Black.ttf */,
				126DA95023EC8C9B00055783 /* IntroScript-Bold.otf */,
				126DA95123EC8C9B00055783 /* IntroScript-Heavy.otf */,
				126DA94E23EC8C9900055783 /* IntroScript-Light.otf */,
				126DA95223EC8C9B00055783 /* IntroScript-Medium.otf */,
				126DA94F23EC8C9A00055783 /* IntroScript-Regular.otf */,
				126DA94C23EC8C9800055783 /* IntroScript-SemiBold.otf */,
				126DA94A23EC8C9700055783 /* IntroScript-Thin.otf */,
				126DA94023EB57A900055783 /* Phenomena-Black.ttf */,
				126DA93E23EB57A800055783 /* Phenomena-Bold.ttf */,
				126DA93D23EB57A800055783 /* Phenomena-ExtraBold.ttf */,
				126DA93C23EB57A800055783 /* Phenomena-ExtraLight.ttf */,
				126DA93F23EB57A800055783 /* Phenomena-Light.ttf */,
				126DA94123EB57A900055783 /* Phenomena-Regular.ttf */,
				1210BAD623E234AB00C57C5A /* CeraRoundProBlack.otf */,
				1210BAD423E234AA00C57C5A /* CeraRoundProBold.otf */,
				1210BAD123E234A900C57C5A /* CeraRoundProLight.otf */,
				1210BAD523E234AB00C57C5A /* CeraRoundProMedium.otf */,
				1210BAD223E234AA00C57C5A /* CeraRoundProRegular.otf */,
				1210BAD323E234AA00C57C5A /* CeraRoundProThin.otf */,
			);
			path = Fontes;
			sourceTree = "<group>";
		};
		12113D2D23E0B9E800BA464D = {
			isa = PBXGroup;
			children = (
				12113D3823E0B9E800BA464D /* AppLoja */,
				12113D4F23E0B9EB00BA464D /* AppLojaTests */,
				12113D5A23E0B9EB00BA464D /* AppLojaUITests */,
				AEAA1B61563ABF499B2962AF /* Pods */,
				CB77AEAE2569742A00ECFBC1 /* LimveUITests */,
				3D7CEB780586238FD13EF7AE /* Frameworks */,
				CB77AE72256729B400ECFBC1 /* Podfile */,
				CB77AE71256729B400ECFBC1 /* Podfile.lock */,
				CB77AE83256731BE00ECFBC1 /* Limve.app */,
				CB77AEAD2569742A00ECFBC1 /* LimveUITests.xctest */,
			);
			sourceTree = "<group>";
		};
		12113D3823E0B9E800BA464D /* AppLoja */ = {
			isa = PBXGroup;
			children = (
				12C5BAB62537481800CC8BCA /* Limve.entitlements */,
				12113D3923E0B9E800BA464D /* AppDelegate.swift */,
				12113D3B23E0B9E800BA464D /* SceneDelegate.swift */,
				1210BAD723E3889100C57C5A /* Public.swift */,
				12113D3D23E0B9E800BA464D /* TelaInicial.swift */,
				1262613E24DF44C2006FFA96 /* InicioVerdadeiro.swift */,
				12783CCA24126A09000DBF88 /* OrdenarPor.swift */,
				12783CD224168AA0000DBF88 /* Parcelamento.swift */,
				127CEC182409593100F421B5 /* MeusCartoes.swift */,
				12731695240C122A00CE07CD /* AdicionarCartao.swift */,
				CB77AEA1256851D100ECFBC1 /* MelhoreSuaExperiencia.swift */,
				12199368240E027500983D47 /* MinhasCompras.swift */,
				12DA1556253919EB00AA5B25 /* NotaFiscal.swift */,
				12EC8B3324292A8200B66710 /* ComprasVerDetalhes.swift */,
				12BDE3D623FB19DD0046A016 /* Produto.swift */,
				1219936A240E033A00983D47 /* Compra.swift */,
				127CEC1A2409598200F421B5 /* Cartao.swift */,
				124C58C823F34BAC002B52C2 /* Carrinho.swift */,
				12783CD42416E8B0000DBF88 /* FormasPagamento.swift */,
				12691A3024188552008BBFD6 /* DocumentoFiscal.swift */,
				12FBD8F8241C3629001C48CF /* Cvv.swift */,
				12FBD9002423E747001C48CF /* Obrigado.swift */,
				125B85E5253E690300320BF2 /* ObrigadoBoleto.swift */,
				1291FEFE2543263500F100D8 /* ObrigadoTransferencia.swift */,
				12E2B3DD241058E300F27854 /* Endereco.swift */,
				12E7121C23FB5253007A3CD6 /* CarrinhoObjects.swift */,
				12BDE3D223F498060046A016 /* TelaProduto.swift */,
				1273166D2409EBE000CE07CD /* LoginController.swift */,
				12731681240BF8D300CE07CD /* CadastrarController.swift */,
				12210D622551E597003CCF41 /* RecuperacaoSenha.swift */,
				1210BACB23E230F200C57C5A /* SideMenu */,
				12113D3F23E0B9E800BA464D /* Main.storyboard */,
				12113D4223E0B9EB00BA464D /* Assets.xcassets */,
				12113D4423E0B9EB00BA464D /* LaunchScreen.storyboard */,
				12113D4723E0B9EB00BA464D /* Info.plist */,
				1210BAD023E2331000C57C5A /* Fontes */,
			);
			path = AppLoja;
			sourceTree = "<group>";
		};
		12113D4F23E0B9EB00BA464D /* AppLojaTests */ = {
			isa = PBXGroup;
			children = (
				12113D5023E0B9EB00BA464D /* AppLojaTests.swift */,
				12113D5223E0B9EB00BA464D /* Info.plist */,
			);
			path = AppLojaTests;
			sourceTree = "<group>";
		};
		12113D5A23E0B9EB00BA464D /* AppLojaUITests */ = {
			isa = PBXGroup;
			children = (
				12113D5B23E0B9EB00BA464D /* AppLojaUITests.swift */,
				12113D5D23E0B9EB00BA464D /* Info.plist */,
			);
			path = AppLojaUITests;
			sourceTree = "<group>";
		};
		3D7CEB780586238FD13EF7AE /* Frameworks */ = {
			isa = PBXGroup;
			children = (
				E18F300EA5BAC7FB45ABAF13 /* Pods_AppLoja.framework */,
			);
			name = Frameworks;
			sourceTree = "<group>";
		};
		AEAA1B61563ABF499B2962AF /* Pods */ = {
			isa = PBXGroup;
			children = (
				3735ECDFBCD43DA709543C3A /* Pods-AppLoja.debug.xcconfig */,
				FD94775A4B9C30BC820BF524 /* Pods-AppLoja.release.xcconfig */,
			);
			path = Pods;
			sourceTree = "<group>";
		};
		CB77AEAE2569742A00ECFBC1 /* LimveUITests */ = {
			isa = PBXGroup;
			children = (
				CB77AEAF2569742A00ECFBC1 /* LimveUITests.swift */,
				CB77AEB12569742A00ECFBC1 /* Info.plist */,
			);
			path = LimveUITests;
			sourceTree = "<group>";
		};
/* End PBXGroup section */

/* Begin PBXNativeTarget section */
		12113D3523E0B9E800BA464D /* AppLoja */ = {
			isa = PBXNativeTarget;
			buildConfigurationList = 12113D6023E0B9EB00BA464D /* Build configuration list for PBXNativeTarget "AppLoja" */;
			buildPhases = (
				1238FD58B2A3AAAE15D533F2 /* [CP] Check Pods Manifest.lock */,
				12113D3223E0B9E800BA464D /* Sources */,
				12113D3323E0B9E800BA464D /* Frameworks */,
				12113D3423E0B9E800BA464D /* Resources */,
				128B39761FA66B274AF121D8 /* [CP] Embed Pods Frameworks */,
			);
			buildRules = (
			);
			dependencies = (
			);
			name = AppLoja;
			packageProductDependencies = (
				1235AB25255228650018B887 /* FacebookCore */,
				CBFB12A925671B1100E225FD /* NVActivityIndicatorView */,
				CBFB12B525671E9600E225FD /* DynamicBlurView */,
				CBFB12BB25671ED800E225FD /* SHSearchBar */,
			);
			productName = AppLoja;
			productReference = CB77AE83256731BE00ECFBC1 /* Limve.app */;
			productType = "com.apple.product-type.application";
		};
		12113D4B23E0B9EB00BA464D /* AppLojaTests */ = {
			isa = PBXNativeTarget;
			buildConfigurationList = 12113D6323E0B9EB00BA464D /* Build configuration list for PBXNativeTarget "AppLojaTests" */;
			buildPhases = (
				12113D4823E0B9EB00BA464D /* Sources */,
				12113D4923E0B9EB00BA464D /* Frameworks */,
				12113D4A23E0B9EB00BA464D /* Resources */,
			);
			buildRules = (
			);
			dependencies = (
				12113D4E23E0B9EB00BA464D /* PBXTargetDependency */,
			);
			name = AppLojaTests;
			productName = AppLojaTests;
			productReference = CB77AE84256731BE00ECFBC1 /* AppLojaTests.xctest */;
			productType = "com.apple.product-type.bundle.unit-test";
		};
		12113D5623E0B9EB00BA464D /* AppLojaUITests */ = {
			isa = PBXNativeTarget;
			buildConfigurationList = 12113D6623E0B9EB00BA464D /* Build configuration list for PBXNativeTarget "AppLojaUITests" */;
			buildPhases = (
				12113D5323E0B9EB00BA464D /* Sources */,
				12113D5423E0B9EB00BA464D /* Frameworks */,
				12113D5523E0B9EB00BA464D /* Resources */,
			);
			buildRules = (
			);
			dependencies = (
				12113D5923E0B9EB00BA464D /* PBXTargetDependency */,
			);
			name = AppLojaUITests;
			productName = AppLojaUITests;
			productReference = CB77AE85256731BE00ECFBC1 /* AppLojaUITests.xctest */;
			productType = "com.apple.product-type.bundle.ui-testing";
		};
		CB77AEAC2569742A00ECFBC1 /* LimveUITests */ = {
			isa = PBXNativeTarget;
			buildConfigurationList = CB77AEB42569742A00ECFBC1 /* Build configuration list for PBXNativeTarget "LimveUITests" */;
			buildPhases = (
				CB77AEA92569742A00ECFBC1 /* Sources */,
				CB77AEAA2569742A00ECFBC1 /* Frameworks */,
				CB77AEAB2569742A00ECFBC1 /* Resources */,
			);
			buildRules = (
			);
			dependencies = (
				CB77AEB32569742A00ECFBC1 /* PBXTargetDependency */,
			);
			name = LimveUITests;
			productName = LimveUITests;
			productReference = CB77AEAD2569742A00ECFBC1 /* LimveUITests.xctest */;
			productType = "com.apple.product-type.bundle.ui-testing";
		};
/* End PBXNativeTarget section */

/* Begin PBXProject section */
		12113D2E23E0B9E800BA464D /* Project object */ = {
			isa = PBXProject;
			attributes = {
				LastSwiftUpdateCheck = 1220;
				LastUpgradeCheck = 1200;
				ORGANIZATIONNAME = "Lucas Mengarda";
				TargetAttributes = {
					12113D3523E0B9E800BA464D = {
						CreatedOnToolsVersion = 11.1;
					};
					12113D4B23E0B9EB00BA464D = {
						CreatedOnToolsVersion = 11.1;
						TestTargetID = 12113D3523E0B9E800BA464D;
					};
					12113D5623E0B9EB00BA464D = {
						CreatedOnToolsVersion = 11.1;
						TestTargetID = 12113D3523E0B9E800BA464D;
					};
					CB77AEAC2569742A00ECFBC1 = {
						CreatedOnToolsVersion = 12.2;
						TestTargetID = 12113D3523E0B9E800BA464D;
					};
				};
			};
			buildConfigurationList = 12113D3123E0B9E800BA464D /* Build configuration list for PBXProject "AppLoja" */;
			compatibilityVersion = "Xcode 9.3";
			developmentRegion = en;
			hasScannedForEncodings = 0;
			knownRegions = (
				en,
				Base,
			);
			mainGroup = 12113D2D23E0B9E800BA464D;
			packageReferences = (
				1235AB24255228650018B887 /* XCRemoteSwiftPackageReference "facebook-ios-sdk" */,
				CBFB12A825671B1100E225FD /* XCRemoteSwiftPackageReference "NVActivityIndicatorView" */,
				CBFB12B425671E9600E225FD /* XCRemoteSwiftPackageReference "DynamicBlurView" */,
				CBFB12BA25671ED800E225FD /* XCRemoteSwiftPackageReference "SHSearchBar" */,
			);
			productRefGroup = 12113D2D23E0B9E800BA464D;
			projectDirPath = "";
			projectRoot = "";
			targets = (
				12113D3523E0B9E800BA464D /* AppLoja */,
				12113D4B23E0B9EB00BA464D /* AppLojaTests */,
				12113D5623E0B9EB00BA464D /* AppLojaUITests */,
				CB77AEAC2569742A00ECFBC1 /* LimveUITests */,
			);
		};
/* End PBXProject section */

/* Begin PBXResourcesBuildPhase section */
		12113D3423E0B9E800BA464D /* Resources */ = {
			isa = PBXResourcesBuildPhase;
			buildActionMask = 2147483647;
			files = (
				12B548A82548FACC00396524 /* Ubuntu-MediumItalic.ttf in Resources */,
				126DA93523EB486A00055783 /* CeraRoundProThin.otf in Resources */,
				CB77AE73256729B500ECFBC1 /* Podfile.lock in Resources */,
				126DA93423EB486900055783 /* CeraRoundProRegular.otf in Resources */,
				12B548A52548FACC00396524 /* Ubuntu-Medium.ttf in Resources */,
				CB77AE74256729B500ECFBC1 /* Podfile in Resources */,
				12B548A62548FACC00396524 /* Ubuntu-Light.ttf in Resources */,
				12CCE25623EA01F400F7F5BE /* Assets.xcassets in Resources */,
				12113D4623E0B9EB00BA464D /* LaunchScreen.storyboard in Resources */,
				12B548A42548FACC00396524 /* Ubuntu-LightItalic.ttf in Resources */,
				126DA93323EB486700055783 /* CeraRoundProMedium.otf in Resources */,
				126DA93223EB486600055783 /* CeraRoundProLight.otf in Resources */,
				12113D4123E0B9E800BA464D /* Main.storyboard in Resources */,
				126DA93123EB486400055783 /* CeraRoundProBold.otf in Resources */,
				126DA93023EB486300055783 /* CeraRoundProBlack.otf in Resources */,
				1210BACF23E232FC00C57C5A /* SectionHeaderView.xib in Resources */,
				126DA94723EB587700055783 /* Phenomena-Regular.ttf in Resources */,
				126DA94223EB586F00055783 /* Phenomena-Black.ttf in Resources */,
				12B548A92548FACC00396524 /* Ubuntu-Regular.ttf in Resources */,
				126DA94623EB587500055783 /* Phenomena-Light.ttf in Resources */,
				126DA94523EB587400055783 /* Phenomena-ExtraLight.ttf in Resources */,
				126DA95923EC8DA900055783 /* IntroScript-Bold.otf in Resources */,
				126DA94423EB587300055783 /* Phenomena-ExtraBold.ttf in Resources */,
				12B548A32548FACC00396524 /* Ubuntu-Bold.ttf in Resources */,
				12B548AA2548FACC00396524 /* Ubuntu-Italic.ttf in Resources */,
				126DA95A23EC8DAB00055783 /* IntroScript-Black.ttf in Resources */,
				126DA95823EC8DA800055783 /* IntroScript-Heavy.otf in Resources */,
				126DA95723EC8DA600055783 /* IntroScript-Light.otf in Resources */,
				126DA95623EC8DA500055783 /* IntroScript-Medium.otf in Resources */,
				126DA94323EB587100055783 /* Phenomena-Bold.ttf in Resources */,
				126DA95523EC8DA300055783 /* IntroScript-Regular.otf in Resources */,
				12B548A72548FACC00396524 /* Ubuntu-BoldItalic.ttf in Resources */,
				126DA95423EC8DA200055783 /* IntroScript-SemiBold.otf in Resources */,
				126DA95323EC8DA000055783 /* IntroScript-Thin.otf in Resources */,
				1297286C24F40E2100870DB7 /* SectionHeaderWhats.xib in Resources */,
			);
			runOnlyForDeploymentPostprocessing = 0;
		};
		12113D4A23E0B9EB00BA464D /* Resources */ = {
			isa = PBXResourcesBuildPhase;
			buildActionMask = 2147483647;
			files = (
			);
			runOnlyForDeploymentPostprocessing = 0;
		};
		12113D5523E0B9EB00BA464D /* Resources */ = {
			isa = PBXResourcesBuildPhase;
			buildActionMask = 2147483647;
			files = (
			);
			runOnlyForDeploymentPostprocessing = 0;
		};
		CB77AEAB2569742A00ECFBC1 /* Resources */ = {
			isa = PBXResourcesBuildPhase;
			buildActionMask = 2147483647;
			files = (
			);
			runOnlyForDeploymentPostprocessing = 0;
		};
/* End PBXResourcesBuildPhase section */

/* Begin PBXShellScriptBuildPhase section */
		1238FD58B2A3AAAE15D533F2 /* [CP] Check Pods Manifest.lock */ = {
			isa = PBXShellScriptBuildPhase;
			buildActionMask = 2147483647;
			files = (
			);
			inputFileListPaths = (
			);
			inputPaths = (
				"${PODS_PODFILE_DIR_PATH}/Podfile.lock",
				"${PODS_ROOT}/Manifest.lock",
			);
			name = "[CP] Check Pods Manifest.lock";
			outputFileListPaths = (
			);
			outputPaths = (
				"$(DERIVED_FILE_DIR)/Pods-AppLoja-checkManifestLockResult.txt",
			);
			runOnlyForDeploymentPostprocessing = 0;
			shellPath = /bin/sh;
			shellScript = "diff \"${PODS_PODFILE_DIR_PATH}/Podfile.lock\" \"${PODS_ROOT}/Manifest.lock\" > /dev/null\nif [ $? != 0 ] ; then\n    # print error to STDERR\n    echo \"error: The sandbox is not in sync with the Podfile.lock. Run 'pod install' or update your CocoaPods installation.\" >&2\n    exit 1\nfi\n# This output is used by Xcode 'outputs' to avoid re-running this script phase.\necho \"SUCCESS\" > \"${SCRIPT_OUTPUT_FILE_0}\"\n";
			showEnvVarsInLog = 0;
		};
		128B39761FA66B274AF121D8 /* [CP] Embed Pods Frameworks */ = {
			isa = PBXShellScriptBuildPhase;
			buildActionMask = 2147483647;
			files = (
			);
			inputFileListPaths = (
				"${PODS_ROOT}/Target Support Files/Pods-AppLoja/Pods-AppLoja-frameworks-${CONFIGURATION}-input-files.xcfilelist",
			);
			name = "[CP] Embed Pods Frameworks";
			outputFileListPaths = (
				"${PODS_ROOT}/Target Support Files/Pods-AppLoja/Pods-AppLoja-frameworks-${CONFIGURATION}-output-files.xcfilelist",
			);
			runOnlyForDeploymentPostprocessing = 0;
			shellPath = /bin/sh;
			shellScript = "\"${PODS_ROOT}/Target Support Files/Pods-AppLoja/Pods-AppLoja-frameworks.sh\"\n";
			showEnvVarsInLog = 0;
		};
/* End PBXShellScriptBuildPhase section */

/* Begin PBXSourcesBuildPhase section */
		12113D3223E0B9E800BA464D /* Sources */ = {
			isa = PBXSourcesBuildPhase;
			buildActionMask = 2147483647;
			files = (
				12113D3E23E0B9E800BA464D /* TelaInicial.swift in Sources */,
				1219936B240E033A00983D47 /* Compra.swift in Sources */,
				1210BACD23E2321E00C57C5A /* SectionHeaderView.swift in Sources */,
				1210BACA23E230EE00C57C5A /* HostViewControlller.swift in Sources */,
				1291FEFF2543263600F100D8 /* ObrigadoTransferencia.swift in Sources */,
				12210D632551E597003CCF41 /* RecuperacaoSenha.swift in Sources */,
				12783CD52416E8B0000DBF88 /* FormasPagamento.swift in Sources */,
				12783CD324168AA1000DBF88 /* Parcelamento.swift in Sources */,
				127CEC192409593100F421B5 /* MeusCartoes.swift in Sources */,
				12731696240C122A00CE07CD /* AdicionarCartao.swift in Sources */,
				12199369240E027500983D47 /* MinhasCompras.swift in Sources */,
				12E7121D23FB5253007A3CD6 /* CarrinhoObjects.swift in Sources */,
				12731682240BF8D300CE07CD /* CadastrarController.swift in Sources */,
				12BDE3D723FB19DD0046A016 /* Produto.swift in Sources */,
				1210BAC923E230EE00C57C5A /* NavigationMenuViewController.swift in Sources */,
				1210BAD823E3889100C57C5A /* Public.swift in Sources */,
				12E2B3DE241058E300F27854 /* Endereco.swift in Sources */,
				125B85E6253E690400320BF2 /* ObrigadoBoleto.swift in Sources */,
				12113D3A23E0B9E800BA464D /* AppDelegate.swift in Sources */,
				12BDE3D323F498060046A016 /* TelaProduto.swift in Sources */,
				1262613F24DF44C2006FFA96 /* InicioVerdadeiro.swift in Sources */,
				12EC8B3424292A8200B66710 /* ComprasVerDetalhes.swift in Sources */,
				12783CCB24126A09000DBF88 /* OrdenarPor.swift in Sources */,
				127CEC1B2409598200F421B5 /* Cartao.swift in Sources */,
				CB77AEA2256851D200ECFBC1 /* MelhoreSuaExperiencia.swift in Sources */,
				12FBD9012423E747001C48CF /* Obrigado.swift in Sources */,
				12FBD8F9241C3629001C48CF /* Cvv.swift in Sources */,
				12113D3C23E0B9E800BA464D /* SceneDelegate.swift in Sources */,
				124C58C923F34BAC002B52C2 /* Carrinho.swift in Sources */,
				12691A3124188552008BBFD6 /* DocumentoFiscal.swift in Sources */,
				1273166E2409EBE000CE07CD /* LoginController.swift in Sources */,
				12DA1557253919EC00AA5B25 /* NotaFiscal.swift in Sources */,
			);
			runOnlyForDeploymentPostprocessing = 0;
		};
		12113D4823E0B9EB00BA464D /* Sources */ = {
			isa = PBXSourcesBuildPhase;
			buildActionMask = 2147483647;
			files = (
				12113D5123E0B9EB00BA464D /* AppLojaTests.swift in Sources */,
			);
			runOnlyForDeploymentPostprocessing = 0;
		};
		12113D5323E0B9EB00BA464D /* Sources */ = {
			isa = PBXSourcesBuildPhase;
			buildActionMask = 2147483647;
			files = (
				12113D5C23E0B9EB00BA464D /* AppLojaUITests.swift in Sources */,
			);
			runOnlyForDeploymentPostprocessing = 0;
		};
		CB77AEA92569742A00ECFBC1 /* Sources */ = {
			isa = PBXSourcesBuildPhase;
			buildActionMask = 2147483647;
			files = (
				CB77AEB02569742A00ECFBC1 /* LimveUITests.swift in Sources */,
			);
			runOnlyForDeploymentPostprocessing = 0;
		};
/* End PBXSourcesBuildPhase section */

/* Begin PBXTargetDependency section */
		12113D4E23E0B9EB00BA464D /* PBXTargetDependency */ = {
			isa = PBXTargetDependency;
			target = 12113D3523E0B9E800BA464D /* AppLoja */;
			targetProxy = 12113D4D23E0B9EB00BA464D /* PBXContainerItemProxy */;
		};
		12113D5923E0B9EB00BA464D /* PBXTargetDependency */ = {
			isa = PBXTargetDependency;
			target = 12113D3523E0B9E800BA464D /* AppLoja */;
			targetProxy = 12113D5823E0B9EB00BA464D /* PBXContainerItemProxy */;
		};
		CB77AEB32569742A00ECFBC1 /* PBXTargetDependency */ = {
			isa = PBXTargetDependency;
			target = 12113D3523E0B9E800BA464D /* AppLoja */;
			targetProxy = CB77AEB22569742A00ECFBC1 /* PBXContainerItemProxy */;
		};
/* End PBXTargetDependency section */

/* Begin PBXVariantGroup section */
		12113D3F23E0B9E800BA464D /* Main.storyboard */ = {
			isa = PBXVariantGroup;
			children = (
				12113D4023E0B9E800BA464D /* Base */,
			);
			name = Main.storyboard;
			sourceTree = "<group>";
		};
		12113D4423E0B9EB00BA464D /* LaunchScreen.storyboard */ = {
			isa = PBXVariantGroup;
			children = (
				12113D4523E0B9EB00BA464D /* Base */,
			);
			name = LaunchScreen.storyboard;
			sourceTree = "<group>";
		};
/* End PBXVariantGroup section */

/* Begin XCBuildConfiguration section */
		12113D5E23E0B9EB00BA464D /* Debug */ = {
			isa = XCBuildConfiguration;
			buildSettings = {
				ALWAYS_SEARCH_USER_PATHS = NO;
				CLANG_ANALYZER_NONNULL = YES;
				CLANG_ANALYZER_NUMBER_OBJECT_CONVERSION = YES_AGGRESSIVE;
				CLANG_CXX_LANGUAGE_STANDARD = "gnu++14";
				CLANG_CXX_LIBRARY = "libc++";
				CLANG_ENABLE_MODULES = YES;
				CLANG_ENABLE_OBJC_ARC = YES;
				CLANG_ENABLE_OBJC_WEAK = YES;
				CLANG_WARN_BLOCK_CAPTURE_AUTORELEASING = YES;
				CLANG_WARN_BOOL_CONVERSION = YES;
				CLANG_WARN_COMMA = YES;
				CLANG_WARN_CONSTANT_CONVERSION = YES;
				CLANG_WARN_DEPRECATED_OBJC_IMPLEMENTATIONS = YES;
				CLANG_WARN_DIRECT_OBJC_ISA_USAGE = YES_ERROR;
				CLANG_WARN_DOCUMENTATION_COMMENTS = YES;
				CLANG_WARN_EMPTY_BODY = YES;
				CLANG_WARN_ENUM_CONVERSION = YES;
				CLANG_WARN_INFINITE_RECURSION = YES;
				CLANG_WARN_INT_CONVERSION = YES;
				CLANG_WARN_NON_LITERAL_NULL_CONVERSION = YES;
				CLANG_WARN_OBJC_IMPLICIT_RETAIN_SELF = YES;
				CLANG_WARN_OBJC_LITERAL_CONVERSION = YES;
				CLANG_WARN_OBJC_ROOT_CLASS = YES_ERROR;
				CLANG_WARN_QUOTED_INCLUDE_IN_FRAMEWORK_HEADER = YES;
				CLANG_WARN_RANGE_LOOP_ANALYSIS = YES;
				CLANG_WARN_STRICT_PROTOTYPES = YES;
				CLANG_WARN_SUSPICIOUS_MOVE = YES;
				CLANG_WARN_UNGUARDED_AVAILABILITY = YES_AGGRESSIVE;
				CLANG_WARN_UNREACHABLE_CODE = YES;
				CLANG_WARN__DUPLICATE_METHOD_MATCH = YES;
				COPY_PHASE_STRIP = NO;
				DEBUG_INFORMATION_FORMAT = dwarf;
				ENABLE_STRICT_OBJC_MSGSEND = YES;
				ENABLE_TESTABILITY = YES;
				GCC_C_LANGUAGE_STANDARD = gnu11;
				GCC_DYNAMIC_NO_PIC = NO;
				GCC_NO_COMMON_BLOCKS = YES;
				GCC_OPTIMIZATION_LEVEL = 0;
				GCC_PREPROCESSOR_DEFINITIONS = (
					"DEBUG=1",
					"$(inherited)",
				);
				GCC_WARN_64_TO_32_BIT_CONVERSION = YES;
				GCC_WARN_ABOUT_RETURN_TYPE = YES_ERROR;
				GCC_WARN_UNDECLARED_SELECTOR = YES;
				GCC_WARN_UNINITIALIZED_AUTOS = YES_AGGRESSIVE;
				GCC_WARN_UNUSED_FUNCTION = YES;
				GCC_WARN_UNUSED_VARIABLE = YES;
				IPHONEOS_DEPLOYMENT_TARGET = 13.1;
				MTL_ENABLE_DEBUG_INFO = INCLUDE_SOURCE;
				MTL_FAST_MATH = YES;
				ONLY_ACTIVE_ARCH = YES;
				SDKROOT = iphoneos;
				SWIFT_ACTIVE_COMPILATION_CONDITIONS = DEBUG;
				SWIFT_OPTIMIZATION_LEVEL = "-Onone";
			};
			name = Debug;
		};
		12113D5F23E0B9EB00BA464D /* Release */ = {
			isa = XCBuildConfiguration;
			buildSettings = {
				ALWAYS_SEARCH_USER_PATHS = NO;
				CLANG_ANALYZER_NONNULL = YES;
				CLANG_ANALYZER_NUMBER_OBJECT_CONVERSION = YES_AGGRESSIVE;
				CLANG_CXX_LANGUAGE_STANDARD = "gnu++14";
				CLANG_CXX_LIBRARY = "libc++";
				CLANG_ENABLE_MODULES = YES;
				CLANG_ENABLE_OBJC_ARC = YES;
				CLANG_ENABLE_OBJC_WEAK = YES;
				CLANG_WARN_BLOCK_CAPTURE_AUTORELEASING = YES;
				CLANG_WARN_BOOL_CONVERSION = YES;
				CLANG_WARN_COMMA = YES;
				CLANG_WARN_CONSTANT_CONVERSION = YES;
				CLANG_WARN_DEPRECATED_OBJC_IMPLEMENTATIONS = YES;
				CLANG_WARN_DIRECT_OBJC_ISA_USAGE = YES_ERROR;
				CLANG_WARN_DOCUMENTATION_COMMENTS = YES;
				CLANG_WARN_EMPTY_BODY = YES;
				CLANG_WARN_ENUM_CONVERSION = YES;
				CLANG_WARN_INFINITE_RECURSION = YES;
				CLANG_WARN_INT_CONVERSION = YES;
				CLANG_WARN_NON_LITERAL_NULL_CONVERSION = YES;
				CLANG_WARN_OBJC_IMPLICIT_RETAIN_SELF = YES;
				CLANG_WARN_OBJC_LITERAL_CONVERSION = YES;
				CLANG_WARN_OBJC_ROOT_CLASS = YES_ERROR;
				CLANG_WARN_QUOTED_INCLUDE_IN_FRAMEWORK_HEADER = YES;
				CLANG_WARN_RANGE_LOOP_ANALYSIS = YES;
				CLANG_WARN_STRICT_PROTOTYPES = YES;
				CLANG_WARN_SUSPICIOUS_MOVE = YES;
				CLANG_WARN_UNGUARDED_AVAILABILITY = YES_AGGRESSIVE;
				CLANG_WARN_UNREACHABLE_CODE = YES;
				CLANG_WARN__DUPLICATE_METHOD_MATCH = YES;
				COPY_PHASE_STRIP = NO;
				DEBUG_INFORMATION_FORMAT = "dwarf-with-dsym";
				ENABLE_NS_ASSERTIONS = NO;
				ENABLE_STRICT_OBJC_MSGSEND = YES;
				GCC_C_LANGUAGE_STANDARD = gnu11;
				GCC_NO_COMMON_BLOCKS = YES;
				GCC_WARN_64_TO_32_BIT_CONVERSION = YES;
				GCC_WARN_ABOUT_RETURN_TYPE = YES_ERROR;
				GCC_WARN_UNDECLARED_SELECTOR = YES;
				GCC_WARN_UNINITIALIZED_AUTOS = YES_AGGRESSIVE;
				GCC_WARN_UNUSED_FUNCTION = YES;
				GCC_WARN_UNUSED_VARIABLE = YES;
				IPHONEOS_DEPLOYMENT_TARGET = 13.1;
				MTL_ENABLE_DEBUG_INFO = NO;
				MTL_FAST_MATH = YES;
				SDKROOT = iphoneos;
				SWIFT_COMPILATION_MODE = wholemodule;
				SWIFT_OPTIMIZATION_LEVEL = "-O";
				VALIDATE_PRODUCT = YES;
			};
			name = Release;
		};
		12113D6123E0B9EB00BA464D /* Debug */ = {
			isa = XCBuildConfiguration;
			baseConfigurationReference = 3735ECDFBCD43DA709543C3A /* Pods-AppLoja.debug.xcconfig */;
			buildSettings = {
				ASSETCATALOG_COMPILER_APPICON_NAME = AppIcon;
				CODE_SIGN_ENTITLEMENTS = AppLoja/Limve.entitlements;
				CURRENT_PROJECT_VERSION = 4;
				DEVELOPMENT_TEAM = KCUHL3HY8Y;
				INFOPLIST_FILE = AppLoja/Info.plist;
				IPHONEOS_DEPLOYMENT_TARGET = 13.1;
				LD_RUNPATH_SEARCH_PATHS = (
					"$(inherited)",
					"@executable_path/Frameworks",
				);
				MARKETING_VERSION = 1.0.3;
				PRODUCT_BUNDLE_IDENTIFIER = com.limve.limve;
				PRODUCT_NAME = Limve;
				SWIFT_VERSION = 5.0;
				TARGETED_DEVICE_FAMILY = 1;
			};
			name = Debug;
		};
		12113D6223E0B9EB00BA464D /* Release */ = {
			isa = XCBuildConfiguration;
			baseConfigurationReference = FD94775A4B9C30BC820BF524 /* Pods-AppLoja.release.xcconfig */;
			buildSettings = {
				ASSETCATALOG_COMPILER_APPICON_NAME = AppIcon;
				CODE_SIGN_ENTITLEMENTS = AppLoja/Limve.entitlements;
				CURRENT_PROJECT_VERSION = 4;
				DEVELOPMENT_TEAM = KCUHL3HY8Y;
				INFOPLIST_FILE = AppLoja/Info.plist;
				IPHONEOS_DEPLOYMENT_TARGET = 13.1;
				LD_RUNPATH_SEARCH_PATHS = (
					"$(inherited)",
					"@executable_path/Frameworks",
				);
				MARKETING_VERSION = 1.0.3;
				PRODUCT_BUNDLE_IDENTIFIER = com.limve.limve;
				PRODUCT_NAME = Limve;
				SWIFT_VERSION = 5.0;
				TARGETED_DEVICE_FAMILY = 1;
			};
			name = Release;
		};
		12113D6423E0B9EB00BA464D /* Debug */ = {
			isa = XCBuildConfiguration;
			buildSettings = {
				ALWAYS_EMBED_SWIFT_STANDARD_LIBRARIES = YES;
				BUNDLE_LOADER = "$(TEST_HOST)";
				CODE_SIGN_STYLE = Automatic;
				INFOPLIST_FILE = AppLojaTests/Info.plist;
				IPHONEOS_DEPLOYMENT_TARGET = 13.1;
				LD_RUNPATH_SEARCH_PATHS = (
					"$(inherited)",
					"@executable_path/Frameworks",
					"@loader_path/Frameworks",
				);
				PRODUCT_BUNDLE_IDENTIFIER = br.com.apploja.AppLojaTests;
				PRODUCT_NAME = "$(TARGET_NAME)";
				SWIFT_VERSION = 5.0;
				TARGETED_DEVICE_FAMILY = "1,2";
				TEST_HOST = "$(BUILT_PRODUCTS_DIR)/AppLoja.app/AppLoja";
			};
			name = Debug;
		};
		12113D6523E0B9EB00BA464D /* Release */ = {
			isa = XCBuildConfiguration;
			buildSettings = {
				ALWAYS_EMBED_SWIFT_STANDARD_LIBRARIES = YES;
				BUNDLE_LOADER = "$(TEST_HOST)";
				CODE_SIGN_STYLE = Automatic;
				INFOPLIST_FILE = AppLojaTests/Info.plist;
				IPHONEOS_DEPLOYMENT_TARGET = 13.1;
				LD_RUNPATH_SEARCH_PATHS = (
					"$(inherited)",
					"@executable_path/Frameworks",
					"@loader_path/Frameworks",
				);
				PRODUCT_BUNDLE_IDENTIFIER = br.com.apploja.AppLojaTests;
				PRODUCT_NAME = "$(TARGET_NAME)";
				SWIFT_VERSION = 5.0;
				TARGETED_DEVICE_FAMILY = "1,2";
				TEST_HOST = "$(BUILT_PRODUCTS_DIR)/AppLoja.app/AppLoja";
			};
			name = Release;
		};
		12113D6723E0B9EB00BA464D /* Debug */ = {
			isa = XCBuildConfiguration;
			buildSettings = {
				ALWAYS_EMBED_SWIFT_STANDARD_LIBRARIES = YES;
				CODE_SIGN_STYLE = Automatic;
				INFOPLIST_FILE = AppLojaUITests/Info.plist;
				LD_RUNPATH_SEARCH_PATHS = (
					"$(inherited)",
					"@executable_path/Frameworks",
					"@loader_path/Frameworks",
				);
				PRODUCT_BUNDLE_IDENTIFIER = br.com.apploja.AppLojaUITests;
				PRODUCT_NAME = "$(TARGET_NAME)";
				SWIFT_VERSION = 5.0;
				TARGETED_DEVICE_FAMILY = "1,2";
				TEST_TARGET_NAME = AppLoja;
			};
			name = Debug;
		};
		12113D6823E0B9EB00BA464D /* Release */ = {
			isa = XCBuildConfiguration;
			buildSettings = {
				ALWAYS_EMBED_SWIFT_STANDARD_LIBRARIES = YES;
				CODE_SIGN_STYLE = Automatic;
				INFOPLIST_FILE = AppLojaUITests/Info.plist;
				LD_RUNPATH_SEARCH_PATHS = (
					"$(inherited)",
					"@executable_path/Frameworks",
					"@loader_path/Frameworks",
				);
				PRODUCT_BUNDLE_IDENTIFIER = br.com.apploja.AppLojaUITests;
				PRODUCT_NAME = "$(TARGET_NAME)";
				SWIFT_VERSION = 5.0;
				TARGETED_DEVICE_FAMILY = "1,2";
				TEST_TARGET_NAME = AppLoja;
			};
			name = Release;
		};
		CB77AEB52569742A00ECFBC1 /* Debug */ = {
			isa = XCBuildConfiguration;
			buildSettings = {
				CODE_SIGN_STYLE = Automatic;
				DEVELOPMENT_TEAM = KCUHL3HY8Y;
				INFOPLIST_FILE = LimveUITests/Info.plist;
				IPHONEOS_DEPLOYMENT_TARGET = 14.2;
				LD_RUNPATH_SEARCH_PATHS = (
					"$(inherited)",
					"@executable_path/Frameworks",
					"@loader_path/Frameworks",
				);
				PRODUCT_BUNDLE_IDENTIFIER = com.limve.limve.LimveUITests;
				PRODUCT_NAME = "$(TARGET_NAME)";
				SWIFT_VERSION = 5.0;
				TARGETED_DEVICE_FAMILY = "1,2";
				TEST_TARGET_NAME = AppLoja;
			};
			name = Debug;
		};
		CB77AEB62569742A00ECFBC1 /* Release */ = {
			isa = XCBuildConfiguration;
			buildSettings = {
				CODE_SIGN_STYLE = Automatic;
				DEVELOPMENT_TEAM = KCUHL3HY8Y;
				INFOPLIST_FILE = LimveUITests/Info.plist;
				IPHONEOS_DEPLOYMENT_TARGET = 14.2;
				LD_RUNPATH_SEARCH_PATHS = (
					"$(inherited)",
					"@executable_path/Frameworks",
					"@loader_path/Frameworks",
				);
				PRODUCT_BUNDLE_IDENTIFIER = com.limve.limve.LimveUITests;
				PRODUCT_NAME = "$(TARGET_NAME)";
				SWIFT_VERSION = 5.0;
				TARGETED_DEVICE_FAMILY = "1,2";
				TEST_TARGET_NAME = AppLoja;
			};
			name = Release;
		};
/* End XCBuildConfiguration section */

/* Begin XCConfigurationList section */
		12113D3123E0B9E800BA464D /* Build configuration list for PBXProject "AppLoja" */ = {
			isa = XCConfigurationList;
			buildConfigurations = (
				12113D5E23E0B9EB00BA464D /* Debug */,
				12113D5F23E0B9EB00BA464D /* Release */,
			);
			defaultConfigurationIsVisible = 0;
			defaultConfigurationName = Debug;
		};
		12113D6023E0B9EB00BA464D /* Build configuration list for PBXNativeTarget "AppLoja" */ = {
			isa = XCConfigurationList;
			buildConfigurations = (
				12113D6123E0B9EB00BA464D /* Debug */,
				12113D6223E0B9EB00BA464D /* Release */,
			);
			defaultConfigurationIsVisible = 0;
			defaultConfigurationName = Debug;
		};
		12113D6323E0B9EB00BA464D /* Build configuration list for PBXNativeTarget "AppLojaTests" */ = {
			isa = XCConfigurationList;
			buildConfigurations = (
				12113D6423E0B9EB00BA464D /* Debug */,
				12113D6523E0B9EB00BA464D /* Release */,
			);
			defaultConfigurationIsVisible = 0;
			defaultConfigurationName = Debug;
		};
		12113D6623E0B9EB00BA464D /* Build configuration list for PBXNativeTarget "AppLojaUITests" */ = {
			isa = XCConfigurationList;
			buildConfigurations = (
				12113D6723E0B9EB00BA464D /* Debug */,
				12113D6823E0B9EB00BA464D /* Release */,
			);
			defaultConfigurationIsVisible = 0;
			defaultConfigurationName = Debug;
		};
		CB77AEB42569742A00ECFBC1 /* Build configuration list for PBXNativeTarget "LimveUITests" */ = {
			isa = XCConfigurationList;
			buildConfigurations = (
				CB77AEB52569742A00ECFBC1 /* Debug */,
				CB77AEB62569742A00ECFBC1 /* Release */,
			);
			defaultConfigurationIsVisible = 0;
			defaultConfigurationName = Debug;
		};
/* End XCConfigurationList section */

/* Begin XCRemoteSwiftPackageReference section */
		1235AB24255228650018B887 /* XCRemoteSwiftPackageReference "facebook-ios-sdk" */ = {
			isa = XCRemoteSwiftPackageReference;
			repositoryURL = "https://github.com/facebook/facebook-ios-sdk";
			requirement = {
				kind = exactVersion;
				version = 8.1.0;
			};
		};
		CBFB12A825671B1100E225FD /* XCRemoteSwiftPackageReference "NVActivityIndicatorView" */ = {
			isa = XCRemoteSwiftPackageReference;
			repositoryURL = "https://github.com/ninjaprox/NVActivityIndicatorView.git";
			requirement = {
				kind = exactVersion;
				version = 5.1.1;
			};
		};
		CBFB12B425671E9600E225FD /* XCRemoteSwiftPackageReference "DynamicBlurView" */ = {
			isa = XCRemoteSwiftPackageReference;
			repositoryURL = "https://github.com/KyoheiG3/DynamicBlurView.git";
			requirement = {
				kind = exactVersion;
				version = 5.0.4;
			};
		};
		CBFB12BA25671ED800E225FD /* XCRemoteSwiftPackageReference "SHSearchBar" */ = {
			isa = XCRemoteSwiftPackageReference;
			repositoryURL = "https://github.com/Blackjacx/SHSearchBar.git";
			requirement = {
				kind = exactVersion;
				version = 2.0.0;
			};
		};
/* End XCRemoteSwiftPackageReference section */

/* Begin XCSwiftPackageProductDependency section */
		1235AB25255228650018B887 /* FacebookCore */ = {
			isa = XCSwiftPackageProductDependency;
			package = 1235AB24255228650018B887 /* XCRemoteSwiftPackageReference "facebook-ios-sdk" */;
			productName = FacebookCore;
		};
		CBFB12A925671B1100E225FD /* NVActivityIndicatorView */ = {
			isa = XCSwiftPackageProductDependency;
			package = CBFB12A825671B1100E225FD /* XCRemoteSwiftPackageReference "NVActivityIndicatorView" */;
			productName = NVActivityIndicatorView;
		};
		CBFB12B525671E9600E225FD /* DynamicBlurView */ = {
			isa = XCSwiftPackageProductDependency;
			package = CBFB12B425671E9600E225FD /* XCRemoteSwiftPackageReference "DynamicBlurView" */;
			productName = DynamicBlurView;
		};
		CBFB12BB25671ED800E225FD /* SHSearchBar */ = {
			isa = XCSwiftPackageProductDependency;
			package = CBFB12BA25671ED800E225FD /* XCRemoteSwiftPackageReference "SHSearchBar" */;
			productName = SHSearchBar;
		};
/* End XCSwiftPackageProductDependency section */
	};
	rootObject = 12113D2E23E0B9E800BA464D /* Project object */;
}
