// !$*UTF8*$!
{
	archiveVersion = 1;
	classes = {
	};
	objectVersion = 50;
	objects = {

/* Begin PBXBuildFile section */
		12113D3A23E0B9E800BA464D /* AppDelegate.swift in Sources */ = {isa = PBXBuildFile; fileRef = 12113D3923E0B9E800BA464D /* AppDelegate.swift */; };
		12113D3C23E0B9E800BA464D /* SceneDelegate.swift in Sources */ = {isa = PBXBuildFile; fileRef = 12113D3B23E0B9E800BA464D /* SceneDelegate.swift */; };
		12113D3E23E0B9E800BA464D /* ViewController.swift in Sources */ = {isa = PBXBuildFile; fileRef = 12113D3D23E0B9E800BA464D /* ViewController.swift */; };
		12113D4123E0B9E800BA464D /* Main.storyboard in Resources */ = {isa = PBXBuildFile; fileRef = 12113D3F23E0B9E800BA464D /* Main.storyboard */; };
		12113D4323E0B9EB00BA464D /* Assets.xcassets in Resources */ = {isa = PBXBuildFile; fileRef = 12113D4223E0B9EB00BA464D /* Assets.xcassets */; };
		12113D4623E0B9EB00BA464D /* LaunchScreen.storyboard in Resources */ = {isa = PBXBuildFile; fileRef = 12113D4423E0B9EB00BA464D /* LaunchScreen.storyboard */; };
		12113D5123E0B9EB00BA464D /* AppLojaTests.swift in Sources */ = {isa = PBXBuildFile; fileRef = 12113D5023E0B9EB00BA464D /* AppLojaTests.swift */; };
		12113D5C23E0B9EB00BA464D /* AppLojaUITests.swift in Sources */ = {isa = PBXBuildFile; fileRef = 12113D5B23E0B9EB00BA464D /* AppLojaUITests.swift */; };
/* End PBXBuildFile section */

/* Begin PBXContainerItemProxy section */
		12113D4D23E0B9EB00BA464D /* PBXContainerItemProxy */ = {
			isa = PBXContainerItemProxy;
			containerPortal = 12113D2E23E0B9E800BA464D /* Project object */;
			proxyType = 1;
			remoteGlobalIDString = 12113D3523E0B9E800BA464D;
			remoteInfo = AppLoja;
		};
		12113D5823E0B9EB00BA464D /* PBXContainerItemProxy */ = {
			isa = PBXContainerItemProxy;
			containerPortal = 12113D2E23E0B9E800BA464D /* Project object */;
			proxyType = 1;
			remoteGlobalIDString = 12113D3523E0B9E800BA464D;
			remoteInfo = AppLoja;
		};
/* End PBXContainerItemProxy section */

/* Begin PBXFileReference section */
		12113D3623E0B9E800BA464D /* AppLoja.app */ = {isa = PBXFileReference; explicitFileType = wrapper.application; includeInIndex = 0; path = AppLoja.app; sourceTree = BUILT_PRODUCTS_DIR; };
		12113D3923E0B9E800BA464D /* AppDelegate.swift */ = {isa = PBXFileReference; lastKnownFileType = sourcecode.swift; path = AppDelegate.swift; sourceTree = "<group>"; };
		12113D3B23E0B9E800BA464D /* SceneDelegate.swift */ = {isa = PBXFileReference; lastKnownFileType = sourcecode.swift; path = SceneDelegate.swift; sourceTree = "<group>"; };
		12113D3D23E0B9E800BA464D /* ViewController.swift */ = {isa = PBXFileReference; lastKnownFileType = sourcecode.swift; path = ViewController.swift; sourceTree = "<group>"; };
		12113D4023E0B9E800BA464D /* Base */ = {isa = PBXFileReference; lastKnownFileType = file.storyboard; name = Base; path = Base.lproj/Main.storyboard; sourceTree = "<group>"; };
		12113D4223E0B9EB00BA464D /* Assets.xcassets */ = {isa = PBXFileReference; lastKnownFileType = folder.assetcatalog; path = Assets.xcassets; sourceTree = "<group>"; };
		12113D4523E0B9EB00BA464D /* Base */ = {isa = PBXFileReference; lastKnownFileType = file.storyboard; name = Base; path = Base.lproj/LaunchScreen.storyboard; sourceTree = "<group>"; };
		12113D4723E0B9EB00BA464D /* Info.plist */ = {isa = PBXFileReference; lastKnownFileType = text.plist.xml; path = Info.plist; sourceTree = "<group>"; };
		12113D4C23E0B9EB00BA464D /* AppLojaTests.xctest */ = {isa = PBXFileReference; explicitFileType = wrapper.cfbundle; includeInIndex = 0; path = AppLojaTests.xctest; sourceTree = BUILT_PRODUCTS_DIR; };
		12113D5023E0B9EB00BA464D /* AppLojaTests.swift */ = {isa = PBXFileReference; lastKnownFileType = sourcecode.swift; path = AppLojaTests.swift; sourceTree = "<group>"; };
		12113D5223E0B9EB00BA464D /* Info.plist */ = {isa = PBXFileReference; lastKnownFileType = text.plist.xml; path = Info.plist; sourceTree = "<group>"; };
		12113D5723E0B9EB00BA464D /* AppLojaUITests.xctest */ = {isa = PBXFileReference; explicitFileType = wrapper.cfbundle; includeInIndex = 0; path = AppLojaUITests.xctest; sourceTree = BUILT_PRODUCTS_DIR; };
		12113D5B23E0B9EB00BA464D /* AppLojaUITests.swift */ = {isa = PBXFileReference; lastKnownFileType = sourcecode.swift; path = AppLojaUITests.swift; sourceTree = "<group>"; };
		12113D5D23E0B9EB00BA464D /* Info.plist */ = {isa = PBXFileReference; lastKnownFileType = text.plist.xml; path = Info.plist; sourceTree = "<group>"; };
/* End PBXFileReference section */

/* Begin PBXFrameworksBuildPhase section */
		12113D3323E0B9E800BA464D /* Frameworks */ = {
			isa = PBXFrameworksBuildPhase;
			buildActionMask = 2147483647;
			files = (
			);
			runOnlyForDeploymentPostprocessing = 0;
		};
		12113D4923E0B9EB00BA464D /* Frameworks */ = {
			isa = PBXFrameworksBuildPhase;
			buildActionMask = 2147483647;
			files = (
			);
			runOnlyForDeploymentPostprocessing = 0;
		};
		12113D5423E0B9EB00BA464D /* Frameworks */ = {
			isa = PBXFrameworksBuildPhase;
			buildActionMask = 2147483647;
			files = (
			);
			runOnlyForDeploymentPostprocessing = 0;
		};
/* End PBXFrameworksBuildPhase section */

/* Begin PBXGroup section */
		12113D2D23E0B9E800BA464D = {
			isa = PBXGroup;
			children = (
				12113D3823E0B9E800BA464D /* AppLoja */,
				12113D4F23E0B9EB00BA464D /* AppLojaTests */,
				12113D5A23E0B9EB00BA464D /* AppLojaUITests */,
				12113D3723E0B9E800BA464D /* Products */,
			);
			sourceTree = "<group>";
		};
		12113D3723E0B9E800BA464D /* Products */ = {
			isa = PBXGroup;
			children = (
				12113D3623E0B9E800BA464D /* AppLoja.app */,
				12113D4C23E0B9EB00BA464D /* AppLojaTests.xctest */,
				12113D5723E0B9EB00BA464D /* AppLojaUITests.xctest */,
			);
			name = Products;
			sourceTree = "<group>";
		};
		12113D3823E0B9E800BA464D /* AppLoja */ = {
			isa = PBXGroup;
			children = (
				12113D3923E0B9E800BA464D /* AppDelegate.swift */,
				12113D3B23E0B9E800BA464D /* SceneDelegate.swift */,
				12113D3D23E0B9E800BA464D /* ViewController.swift */,
				12113D3F23E0B9E800BA464D /* Main.storyboard */,
				12113D4223E0B9EB00BA464D /* Assets.xcassets */,
				12113D4423E0B9EB00BA464D /* LaunchScreen.storyboard */,
				12113D4723E0B9EB00BA464D /* Info.plist */,
			);
			path = AppLoja;
			sourceTree = "<group>";
		};
		12113D4F23E0B9EB00BA464D /* AppLojaTests */ = {
			isa = PBXGroup;
			children = (
				12113D5023E0B9EB00BA464D /* AppLojaTests.swift */,
				12113D5223E0B9EB00BA464D /* Info.plist */,
			);
			path = AppLojaTests;
			sourceTree = "<group>";
		};
		12113D5A23E0B9EB00BA464D /* AppLojaUITests */ = {
			isa = PBXGroup;
			children = (
				12113D5B23E0B9EB00BA464D /* AppLojaUITests.swift */,
				12113D5D23E0B9EB00BA464D /* Info.plist */,
			);
			path = AppLojaUITests;
			sourceTree = "<group>";
		};
/* End PBXGroup section */

/* Begin PBXNativeTarget section */
		12113D3523E0B9E800BA464D /* AppLoja */ = {
			isa = PBXNativeTarget;
			buildConfigurationList = 12113D6023E0B9EB00BA464D /* Build configuration list for PBXNativeTarget "AppLoja" */;
			buildPhases = (
				12113D3223E0B9E800BA464D /* Sources */,
				12113D3323E0B9E800BA464D /* Frameworks */,
				12113D3423E0B9E800BA464D /* Resources */,
			);
			buildRules = (
			);
			dependencies = (
			);
			name = AppLoja;
			productName = AppLoja;
			productReference = 12113D3623E0B9E800BA464D /* AppLoja.app */;
			productType = "com.apple.product-type.application";
		};
		12113D4B23E0B9EB00BA464D /* AppLojaTests */ = {
			isa = PBXNativeTarget;
			buildConfigurationList = 12113D6323E0B9EB00BA464D /* Build configuration list for PBXNativeTarget "AppLojaTests" */;
			buildPhases = (
				12113D4823E0B9EB00BA464D /* Sources */,
				12113D4923E0B9EB00BA464D /* Frameworks */,
				12113D4A23E0B9EB00BA464D /* Resources */,
			);
			buildRules = (
			);
			dependencies = (
				12113D4E23E0B9EB00BA464D /* PBXTargetDependency */,
			);
			name = AppLojaTests;
			productName = AppLojaTests;
			productReference = 12113D4C23E0B9EB00BA464D /* AppLojaTests.xctest */;
			productType = "com.apple.product-type.bundle.unit-test";
		};
		12113D5623E0B9EB00BA464D /* AppLojaUITests */ = {
			isa = PBXNativeTarget;
			buildConfigurationList = 12113D6623E0B9EB00BA464D /* Build configuration list for PBXNativeTarget "AppLojaUITests" */;
			buildPhases = (
				12113D5323E0B9EB00BA464D /* Sources */,
				12113D5423E0B9EB00BA464D /* Frameworks */,
				12113D5523E0B9EB00BA464D /* Resources */,
			);
			buildRules = (
			);
			dependencies = (
				12113D5923E0B9EB00BA464D /* PBXTargetDependency */,
			);
			name = AppLojaUITests;
			productName = AppLojaUITests;
			productReference = 12113D5723E0B9EB00BA464D /* AppLojaUITests.xctest */;
			productType = "com.apple.product-type.bundle.ui-testing";
		};
/* End PBXNativeTarget section */

/* Begin PBXProject section */
		12113D2E23E0B9E800BA464D /* Project object */ = {
			isa = PBXProject;
			attributes = {
				LastSwiftUpdateCheck = 1110;
				LastUpgradeCheck = 1110;
				ORGANIZATIONNAME = "Lucas Mengarda";
				TargetAttributes = {
					12113D3523E0B9E800BA464D = {
						CreatedOnToolsVersion = 11.1;
					};
					12113D4B23E0B9EB00BA464D = {
						CreatedOnToolsVersion = 11.1;
						TestTargetID = 12113D3523E0B9E800BA464D;
					};
					12113D5623E0B9EB00BA464D = {
						CreatedOnToolsVersion = 11.1;
						TestTargetID = 12113D3523E0B9E800BA464D;
					};
				};
			};
			buildConfigurationList = 12113D3123E0B9E800BA464D /* Build configuration list for PBXProject "AppLoja" */;
			compatibilityVersion = "Xcode 9.3";
			developmentRegion = en;
			hasScannedForEncodings = 0;
			knownRegions = (
				en,
				Base,
			);
			mainGroup = 12113D2D23E0B9E800BA464D;
			productRefGroup = 12113D3723E0B9E800BA464D /* Products */;
			projectDirPath = "";
			projectRoot = "";
			targets = (
				12113D3523E0B9E800BA464D /* AppLoja */,
				12113D4B23E0B9EB00BA464D /* AppLojaTests */,
				12113D5623E0B9EB00BA464D /* AppLojaUITests */,
			);
		};
/* End PBXProject section */

/* Begin PBXResourcesBuildPhase section */
		12113D3423E0B9E800BA464D /* Resources */ = {
			isa = PBXResourcesBuildPhase;
			buildActionMask = 2147483647;
			files = (
				12113D4623E0B9EB00BA464D /* LaunchScreen.storyboard in Resources */,
				12113D4323E0B9EB00BA464D /* Assets.xcassets in Resources */,
				12113D4123E0B9E800BA464D /* Main.storyboard in Resources */,
			);
			runOnlyForDeploymentPostprocessing = 0;
		};
		12113D4A23E0B9EB00BA464D /* Resources */ = {
			isa = PBXResourcesBuildPhase;
			buildActionMask = 2147483647;
			files = (
			);
			runOnlyForDeploymentPostprocessing = 0;
		};
		12113D5523E0B9EB00BA464D /* Resources */ = {
			isa = PBXResourcesBuildPhase;
			buildActionMask = 2147483647;
			files = (
			);
			runOnlyForDeploymentPostprocessing = 0;
		};
/* End PBXResourcesBuildPhase section */

/* Begin PBXSourcesBuildPhase section */
		12113D3223E0B9E800BA464D /* Sources */ = {
			isa = PBXSourcesBuildPhase;
			buildActionMask = 2147483647;
			files = (
				12113D3E23E0B9E800BA464D /* ViewController.swift in Sources */,
				12113D3A23E0B9E800BA464D /* AppDelegate.swift in Sources */,
				12113D3C23E0B9E800BA464D /* SceneDelegate.swift in Sources */,
			);
			runOnlyForDeploymentPostprocessing = 0;
		};
		12113D4823E0B9EB00BA464D /* Sources */ = {
			isa = PBXSourcesBuildPhase;
			buildActionMask = 2147483647;
			files = (
				12113D5123E0B9EB00BA464D /* AppLojaTests.swift in Sources */,
			);
			runOnlyForDeploymentPostprocessing = 0;
		};
		12113D5323E0B9EB00BA464D /* Sources */ = {
			isa = PBXSourcesBuildPhase;
			buildActionMask = 2147483647;
			files = (
				12113D5C23E0B9EB00BA464D /* AppLojaUITests.swift in Sources */,
			);
			runOnlyForDeploymentPostprocessing = 0;
		};
/* End PBXSourcesBuildPhase section */

/* Begin PBXTargetDependency section */
		12113D4E23E0B9EB00BA464D /* PBXTargetDependency */ = {
			isa = PBXTargetDependency;
			target = 12113D3523E0B9E800BA464D /* AppLoja */;
			targetProxy = 12113D4D23E0B9EB00BA464D /* PBXContainerItemProxy */;
		};
		12113D5923E0B9EB00BA464D /* PBXTargetDependency */ = {
			isa = PBXTargetDependency;
			target = 12113D3523E0B9E800BA464D /* AppLoja */;
			targetProxy = 12113D5823E0B9EB00BA464D /* PBXContainerItemProxy */;
		};
/* End PBXTargetDependency section */

/* Begin PBXVariantGroup section */
		12113D3F23E0B9E800BA464D /* Main.storyboard */ = {
			isa = PBXVariantGroup;
			children = (
				12113D4023E0B9E800BA464D /* Base */,
			);
			name = Main.storyboard;
			sourceTree = "<group>";
		};
		12113D4423E0B9EB00BA464D /* LaunchScreen.storyboard */ = {
			isa = PBXVariantGroup;
			children = (
				12113D4523E0B9EB00BA464D /* Base */,
			);
			name = LaunchScreen.storyboard;
			sourceTree = "<group>";
		};
/* End PBXVariantGroup section */

/* Begin XCBuildConfiguration section */
		12113D5E23E0B9EB00BA464D /* Debug */ = {
			isa = XCBuildConfiguration;
			buildSettings = {
				ALWAYS_SEARCH_USER_PATHS = NO;
				CLANG_ANALYZER_NONNULL = YES;
				CLANG_ANALYZER_NUMBER_OBJECT_CONVERSION = YES_AGGRESSIVE;
				CLANG_CXX_LANGUAGE_STANDARD = "gnu++14";
				CLANG_CXX_LIBRARY = "libc++";
				CLANG_ENABLE_MODULES = YES;
				CLANG_ENABLE_OBJC_ARC = YES;
				CLANG_ENABLE_OBJC_WEAK = YES;
				CLANG_WARN_BLOCK_CAPTURE_AUTORELEASING = YES;
				CLANG_WARN_BOOL_CONVERSION = YES;
				CLANG_WARN_COMMA = YES;
				CLANG_WARN_CONSTANT_CONVERSION = YES;
				CLANG_WARN_DEPRECATED_OBJC_IMPLEMENTATIONS = YES;
				CLANG_WARN_DIRECT_OBJC_ISA_USAGE = YES_ERROR;
				CLANG_WARN_DOCUMENTATION_COMMENTS = YES;
				CLANG_WARN_EMPTY_BODY = YES;
				CLANG_WARN_ENUM_CONVERSION = YES;
				CLANG_WARN_INFINITE_RECURSION = YES;
				CLANG_WARN_INT_CONVERSION = YES;
				CLANG_WARN_NON_LITERAL_NULL_CONVERSION = YES;
				CLANG_WARN_OBJC_IMPLICIT_RETAIN_SELF = YES;
				CLANG_WARN_OBJC_LITERAL_CONVERSION = YES;
				CLANG_WARN_OBJC_ROOT_CLASS = YES_ERROR;
				CLANG_WARN_RANGE_LOOP_ANALYSIS = YES;
				CLANG_WARN_STRICT_PROTOTYPES = YES;
				CLANG_WARN_SUSPICIOUS_MOVE = YES;
				CLANG_WARN_UNGUARDED_AVAILABILITY = YES_AGGRESSIVE;
				CLANG_WARN_UNREACHABLE_CODE = YES;
				CLANG_WARN__DUPLICATE_METHOD_MATCH = YES;
				COPY_PHASE_STRIP = NO;
				DEBUG_INFORMATION_FORMAT = dwarf;
				ENABLE_STRICT_OBJC_MSGSEND = YES;
				ENABLE_TESTABILITY = YES;
				GCC_C_LANGUAGE_STANDARD = gnu11;
				GCC_DYNAMIC_NO_PIC = NO;
				GCC_NO_COMMON_BLOCKS = YES;
				GCC_OPTIMIZATION_LEVEL = 0;
				GCC_PREPROCESSOR_DEFINITIONS = (
					"DEBUG=1",
					"$(inherited)",
				);
				GCC_WARN_64_TO_32_BIT_CONVERSION = YES;
				GCC_WARN_ABOUT_RETURN_TYPE = YES_ERROR;
				GCC_WARN_UNDECLARED_SELECTOR = YES;
				GCC_WARN_UNINITIALIZED_AUTOS = YES_AGGRESSIVE;
				GCC_WARN_UNUSED_FUNCTION = YES;
				GCC_WARN_UNUSED_VARIABLE = YES;
				IPHONEOS_DEPLOYMENT_TARGET = 13.1;
				MTL_ENABLE_DEBUG_INFO = INCLUDE_SOURCE;
				MTL_FAST_MATH = YES;
				ONLY_ACTIVE_ARCH = YES;
				SDKROOT = iphoneos;
				SWIFT_ACTIVE_COMPILATION_CONDITIONS = DEBUG;
				SWIFT_OPTIMIZATION_LEVEL = "-Onone";
			};
			name = Debug;
		};
		12113D5F23E0B9EB00BA464D /* Release */ = {
			isa = XCBuildConfiguration;
			buildSettings = {
				ALWAYS_SEARCH_USER_PATHS = NO;
				CLANG_ANALYZER_NONNULL = YES;
				CLANG_ANALYZER_NUMBER_OBJECT_CONVERSION = YES_AGGRESSIVE;
				CLANG_CXX_LANGUAGE_STANDARD = "gnu++14";
				CLANG_CXX_LIBRARY = "libc++";
				CLANG_ENABLE_MODULES = YES;
				CLANG_ENABLE_OBJC_ARC = YES;
				CLANG_ENABLE_OBJC_WEAK = YES;
				CLANG_WARN_BLOCK_CAPTURE_AUTORELEASING = YES;
				CLANG_WARN_BOOL_CONVERSION = YES;
				CLANG_WARN_COMMA = YES;
				CLANG_WARN_CONSTANT_CONVERSION = YES;
				CLANG_WARN_DEPRECATED_OBJC_IMPLEMENTATIONS = YES;
				CLANG_WARN_DIRECT_OBJC_ISA_USAGE = YES_ERROR;
				CLANG_WARN_DOCUMENTATION_COMMENTS = YES;
				CLANG_WARN_EMPTY_BODY = YES;
				CLANG_WARN_ENUM_CONVERSION = YES;
				CLANG_WARN_INFINITE_RECURSION = YES;
				CLANG_WARN_INT_CONVERSION = YES;
				CLANG_WARN_NON_LITERAL_NULL_CONVERSION = YES;
				CLANG_WARN_OBJC_IMPLICIT_RETAIN_SELF = YES;
				CLANG_WARN_OBJC_LITERAL_CONVERSION = YES;
				CLANG_WARN_OBJC_ROOT_CLASS = YES_ERROR;
				CLANG_WARN_RANGE_LOOP_ANALYSIS = YES;
				CLANG_WARN_STRICT_PROTOTYPES = YES;
				CLANG_WARN_SUSPICIOUS_MOVE = YES;
				CLANG_WARN_UNGUARDED_AVAILABILITY = YES_AGGRESSIVE;
				CLANG_WARN_UNREACHABLE_CODE = YES;
				CLANG_WARN__DUPLICATE_METHOD_MATCH = YES;
				COPY_PHASE_STRIP = NO;
				DEBUG_INFORMATION_FORMAT = "dwarf-with-dsym";
				ENABLE_NS_ASSERTIONS = NO;
				ENABLE_STRICT_OBJC_MSGSEND = YES;
				GCC_C_LANGUAGE_STANDARD = gnu11;
				GCC_NO_COMMON_BLOCKS = YES;
				GCC_WARN_64_TO_32_BIT_CONVERSION = YES;
				GCC_WARN_ABOUT_RETURN_TYPE = YES_ERROR;
				GCC_WARN_UNDECLARED_SELECTOR = YES;
				GCC_WARN_UNINITIALIZED_AUTOS = YES_AGGRESSIVE;
				GCC_WARN_UNUSED_FUNCTION = YES;
				GCC_WARN_UNUSED_VARIABLE = YES;
				IPHONEOS_DEPLOYMENT_TARGET = 13.1;
				MTL_ENABLE_DEBUG_INFO = NO;
				MTL_FAST_MATH = YES;
				SDKROOT = iphoneos;
				SWIFT_COMPILATION_MODE = wholemodule;
				SWIFT_OPTIMIZATION_LEVEL = "-O";
				VALIDATE_PRODUCT = YES;
			};
			name = Release;
		};
		12113D6123E0B9EB00BA464D /* Debug */ = {
			isa = XCBuildConfiguration;
			buildSettings = {
				ASSETCATALOG_COMPILER_APPICON_NAME = AppIcon;
				CODE_SIGN_STYLE = Automatic;
				INFOPLIST_FILE = AppLoja/Info.plist;
				LD_RUNPATH_SEARCH_PATHS = (
					"$(inherited)",
					"@executable_path/Frameworks",
				);
				PRODUCT_BUNDLE_IDENTIFIER = br.com.apploja.AppLoja;
				PRODUCT_NAME = "$(TARGET_NAME)";
				SWIFT_VERSION = 5.0;
				TARGETED_DEVICE_FAMILY = "1,2";
			};
			name = Debug;
		};
		12113D6223E0B9EB00BA464D /* Release */ = {
			isa = XCBuildConfiguration;
			buildSettings = {
				ASSETCATALOG_COMPILER_APPICON_NAME = AppIcon;
				CODE_SIGN_STYLE = Automatic;
				INFOPLIST_FILE = AppLoja/Info.plist;
				LD_RUNPATH_SEARCH_PATHS = (
					"$(inherited)",
					"@executable_path/Frameworks",
				);
				PRODUCT_BUNDLE_IDENTIFIER = br.com.apploja.AppLoja;
				PRODUCT_NAME = "$(TARGET_NAME)";
				SWIFT_VERSION = 5.0;
				TARGETED_DEVICE_FAMILY = "1,2";
			};
			name = Release;
		};
		12113D6423E0B9EB00BA464D /* Debug */ = {
			isa = XCBuildConfiguration;
			buildSettings = {
				ALWAYS_EMBED_SWIFT_STANDARD_LIBRARIES = YES;
				BUNDLE_LOADER = "$(TEST_HOST)";
				CODE_SIGN_STYLE = Automatic;
				INFOPLIST_FILE = AppLojaTests/Info.plist;
				IPHONEOS_DEPLOYMENT_TARGET = 13.1;
				LD_RUNPATH_SEARCH_PATHS = (
					"$(inherited)",
					"@executable_path/Frameworks",
					"@loader_path/Frameworks",
				);
				PRODUCT_BUNDLE_IDENTIFIER = br.com.apploja.AppLojaTests;
				PRODUCT_NAME = "$(TARGET_NAME)";
				SWIFT_VERSION = 5.0;
				TARGETED_DEVICE_FAMILY = "1,2";
				TEST_HOST = "$(BUILT_PRODUCTS_DIR)/AppLoja.app/AppLoja";
			};
			name = Debug;
		};
		12113D6523E0B9EB00BA464D /* Release */ = {
			isa = XCBuildConfiguration;
			buildSettings = {
				ALWAYS_EMBED_SWIFT_STANDARD_LIBRARIES = YES;
				BUNDLE_LOADER = "$(TEST_HOST)";
				CODE_SIGN_STYLE = Automatic;
				INFOPLIST_FILE = AppLojaTests/Info.plist;
				IPHONEOS_DEPLOYMENT_TARGET = 13.1;
				LD_RUNPATH_SEARCH_PATHS = (
					"$(inherited)",
					"@executable_path/Frameworks",
					"@loader_path/Frameworks",
				);
				PRODUCT_BUNDLE_IDENTIFIER = br.com.apploja.AppLojaTests;
				PRODUCT_NAME = "$(TARGET_NAME)";
				SWIFT_VERSION = 5.0;
				TARGETED_DEVICE_FAMILY = "1,2";
				TEST_HOST = "$(BUILT_PRODUCTS_DIR)/AppLoja.app/AppLoja";
			};
			name = Release;
		};
		12113D6723E0B9EB00BA464D /* Debug */ = {
			isa = XCBuildConfiguration;
			buildSettings = {
				ALWAYS_EMBED_SWIFT_STANDARD_LIBRARIES = YES;
				CODE_SIGN_STYLE = Automatic;
				INFOPLIST_FILE = AppLojaUITests/Info.plist;
				LD_RUNPATH_SEARCH_PATHS = (
					"$(inherited)",
					"@executable_path/Frameworks",
					"@loader_path/Frameworks",
				);
				PRODUCT_BUNDLE_IDENTIFIER = br.com.apploja.AppLojaUITests;
				PRODUCT_NAME = "$(TARGET_NAME)";
				SWIFT_VERSION = 5.0;
				TARGETED_DEVICE_FAMILY = "1,2";
				TEST_TARGET_NAME = AppLoja;
			};
			name = Debug;
		};
		12113D6823E0B9EB00BA464D /* Release */ = {
			isa = XCBuildConfiguration;
			buildSettings = {
				ALWAYS_EMBED_SWIFT_STANDARD_LIBRARIES = YES;
				CODE_SIGN_STYLE = Automatic;
				INFOPLIST_FILE = AppLojaUITests/Info.plist;
				LD_RUNPATH_SEARCH_PATHS = (
					"$(inherited)",
					"@executable_path/Frameworks",
					"@loader_path/Frameworks",
				);
				PRODUCT_BUNDLE_IDENTIFIER = br.com.apploja.AppLojaUITests;
				PRODUCT_NAME = "$(TARGET_NAME)";
				SWIFT_VERSION = 5.0;
				TARGETED_DEVICE_FAMILY = "1,2";
				TEST_TARGET_NAME = AppLoja;
			};
			name = Release;
		};
/* End XCBuildConfiguration section */

/* Begin XCConfigurationList section */
		12113D3123E0B9E800BA464D /* Build configuration list for PBXProject "AppLoja" */ = {
			isa = XCConfigurationList;
			buildConfigurations = (
				12113D5E23E0B9EB00BA464D /* Debug */,
				12113D5F23E0B9EB00BA464D /* Release */,
			);
			defaultConfigurationIsVisible = 0;
			defaultConfigurationName = Release;
		};
		12113D6023E0B9EB00BA464D /* Build configuration list for PBXNativeTarget "AppLoja" */ = {
			isa = XCConfigurationList;
			buildConfigurations = (
				12113D6123E0B9EB00BA464D /* Debug */,
				12113D6223E0B9EB00BA464D /* Release */,
			);
			defaultConfigurationIsVisible = 0;
			defaultConfigurationName = Release;
		};
		12113D6323E0B9EB00BA464D /* Build configuration list for PBXNativeTarget "AppLojaTests" */ = {
			isa = XCConfigurationList;
			buildConfigurations = (
				12113D6423E0B9EB00BA464D /* Debug */,
				12113D6523E0B9EB00BA464D /* Release */,
			);
			defaultConfigurationIsVisible = 0;
			defaultConfigurationName = Release;
		};
		12113D6623E0B9EB00BA464D /* Build configuration list for PBXNativeTarget "AppLojaUITests" */ = {
			isa = XCConfigurationList;
			buildConfigurations = (
				12113D6723E0B9EB00BA464D /* Debug */,
				12113D6823E0B9EB00BA464D /* Release */,
			);
			defaultConfigurationIsVisible = 0;
			defaultConfigurationName = Release;
		};
/* End XCConfigurationList section */
	};
	rootObject = 12113D2E23E0B9E800BA464D /* Project object */;
}
